<?xml version="1.0" encoding="UTF-8"?>
<Scheme
   LastUpgradeVersion = "0620"
   version = "1.8">
   <BuildAction
      parallelizeBuildables = "YES"
      buildImplicitDependencies = "YES">
      <BuildActionEntries>
         <BuildActionEntry
            buildForTesting = "YES"
            buildForRunning = "YES"
            buildForProfiling = "YES"
            buildForArchiving = "YES"
            buildForAnalyzing = "YES">
            <BuildableReference
               BuildableIdentifier = "primary"
               BlueprintIdentifier = "CFEABB861A27544900E8C4F1"
               BuildableName = "HK Ferries Watch App.app"
               BlueprintName = "HK Ferries Watch App"
               ReferencedContainer = "container:ferriestimetable2.xcodeproj">
            </BuildableReference>
         </BuildActionEntry>
         <BuildActionEntry
            buildForTesting = "YES"
            buildForRunning = "YES"
            buildForProfiling = "YES"
            buildForArchiving = "YES"
            buildForAnalyzing = "YES">
            <BuildableReference
               BuildableIdentifier = "primary"
               BlueprintIdentifier = "CFB6E09D195D439E00F83035"
               BuildableName = "ferriestimetable2.app"
               BlueprintName = "ferriestimetable2"
               ReferencedContainer = "container:ferriestimetable2.xcodeproj">
            </BuildableReference>
         </BuildActionEntry>
         <BuildActionEntry
            buildForTesting = "YES"
            buildForRunning = "YES"
            buildForProfiling = "YES"
            buildForArchiving = "YES"
            buildForAnalyzing = "YES">
            <BuildableReference
               BuildableIdentifier = "primary"
               BlueprintIdentifier = "CFEABB771A27544800E8C4F1"
               BuildableName = "HK Ferries WatchKit Extension.appex"
               BlueprintName = "HK Ferries WatchKit Extension"
               ReferencedContainer = "container:ferriestimetable2.xcodeproj">
            </BuildableReference>
         </BuildActionEntry>
         <BuildActionEntry
            buildForTesting = "YES"
            buildForRunning = "YES"
            buildForProfiling = "YES"
            buildForArchiving = "YES"
            buildForAnalyzing = "YES">
            <BuildableReference
               BuildableIdentifier = "primary"
               BlueprintIdentifier = "CFB25C651A1E0C8A004E5430"
               BuildableName = "ferriestimetable2Tests.xctest"
               BlueprintName = "ferriestimetable2Tests"
               ReferencedContainer = "container:ferriestimetable2.xcodeproj">
            </BuildableReference>
         </BuildActionEntry>
         <BuildActionEntry
            buildForTesting = "YES"
            buildForRunning = "YES"
            buildForProfiling = "NO"
            buildForArchiving = "NO"
            buildForAnalyzing = "YES">
            <BuildableReference
               BuildableIdentifier = "primary"
               BlueprintIdentifier = "CFB25C551A1E0C5D004E5430"
               BuildableName = "ferriestimetable2 Tests.xctest"
               BlueprintName = "ferriestimetable2 Tests"
               ReferencedContainer = "container:ferriestimetable2.xcodeproj">
            </BuildableReference>
         </BuildActionEntry>
         <BuildActionEntry
            buildForTesting = "YES"
            buildForRunning = "YES"
            buildForProfiling = "NO"
            buildForArchiving = "NO"
            buildForAnalyzing = "YES">
            <BuildableReference
               BuildableIdentifier = "primary"
               BlueprintIdentifier = "CFEABBAE1A275A9100E8C4F1"
               BuildableName = "ferrykitTests.xctest"
               BlueprintName = "ferrykitTests"
               ReferencedContainer = "container:ferriestimetable2.xcodeproj">
            </BuildableReference>
         </BuildActionEntry>
         <BuildActionEntry
            buildForTesting = "YES"
            buildForRunning = "YES"
            buildForProfiling = "NO"
            buildForArchiving = "NO"
            buildForAnalyzing = "YES">
            <BuildableReference
               BuildableIdentifier = "primary"
               BlueprintIdentifier = "CFEABBDA1A27662100E8C4F1"
               BuildableName = "FerryKitTests.xctest"
               BlueprintName = "FerryKitTests"
               ReferencedContainer = "container:ferriestimetable2.xcodeproj">
            </BuildableReference>
         </BuildActionEntry>
      </BuildActionEntries>
   </BuildAction>
   <TestAction
      selectedDebuggerIdentifier = "Xcode.DebuggerFoundation.Debugger.LLDB"
      selectedLauncherIdentifier = "Xcode.DebuggerFoundation.Launcher.LLDB"
      shouldUseLaunchSchemeArgsEnv = "YES"
      buildConfiguration = "Debug">
      <Testables>
         <TestableReference
            skipped = "NO">
            <BuildableReference
               BuildableIdentifier = "primary"
               BlueprintIdentifier = "CFB25C551A1E0C5D004E5430"
               BuildableName = "ferriestimetable2 Tests.xctest"
               BlueprintName = "ferriestimetable2 Tests"
               ReferencedContainer = "container:ferriestimetable2.xcodeproj">
            </BuildableReference>
         </TestableReference>
         <TestableReference
            skipped = "NO">
            <BuildableReference
               BuildableIdentifier = "primary"
               BlueprintIdentifier = "CFEABBAE1A275A9100E8C4F1"
               BuildableName = "ferrykitTests.xctest"
               BlueprintName = "ferrykitTests"
               ReferencedContainer = "container:ferriestimetable2.xcodeproj">
            </BuildableReference>
         </TestableReference>
         <TestableReference
            skipped = "NO">
            <BuildableReference
               BuildableIdentifier = "primary"
               BlueprintIdentifier = "CFEABBDA1A27662100E8C4F1"
               BuildableName = "FerryKitTests.xctest"
               BlueprintName = "FerryKitTests"
               ReferencedContainer = "container:ferriestimetable2.xcodeproj">
            </BuildableReference>
         </TestableReference>
      </Testables>
      <MacroExpansion>
         <BuildableReference
            BuildableIdentifier = "primary"
            BlueprintIdentifier = "CFEABB861A27544900E8C4F1"
            BuildableName = "HK Ferries Watch App.app"
            BlueprintName = "HK Ferries Watch App"
            ReferencedContainer = "container:ferriestimetable2.xcodeproj">
         </BuildableReference>
      </MacroExpansion>
   </TestAction>
   <LaunchAction
      selectedDebuggerIdentifier = "Xcode.DebuggerFoundation.Debugger.LLDB"
      selectedLauncherIdentifier = "Xcode.DebuggerFoundation.Launcher.LLDB"
      launchStyle = "0"
      useCustomWorkingDirectory = "NO"
      buildConfiguration = "Debug"
      ignoresPersistentStateOnLaunch = "NO"
      debugDocumentVersioning = "YES"
      allowLocationSimulation = "YES"
      notificationPayloadFile = "HK Ferries WatchKit Extension/PushNotificationPayload.json">
      <RemoteRunnable
         runnableDebuggingMode = "2"
         BundleIdentifier = "com.apple.springboard"
         launchOptions = "4"
         RemotePath = "/HK Ferries">
         <BuildableReference
            BuildableIdentifier = "primary"
            BlueprintIdentifier = "CFEABB861A27544900E8C4F1"
            BuildableName = "HK Ferries Watch App.app"
            BlueprintName = "HK Ferries Watch App"
            ReferencedContainer = "container:ferriestimetable2.xcodeproj">
         </BuildableReference>
      </RemoteRunnable>
      <MacroExpansion>
         <BuildableReference
            BuildableIdentifier = "primary"
            BlueprintIdentifier = "CFEABB861A27544900E8C4F1"
            BuildableName = "HK Ferries Watch App.app"
            BlueprintName = "HK Ferries Watch App"
            ReferencedContainer = "container:ferriestimetable2.xcodeproj">
         </BuildableReference>
      </MacroExpansion>
      <AdditionalOptions>
      </AdditionalOptions>
   </LaunchAction>
   <ProfileAction
      shouldUseLaunchSchemeArgsEnv = "YES"
      savedToolIdentifier = ""
      useCustomWorkingDirectory = "NO"
      buildConfiguration = "Release"
      debugDocumentVersioning = "YES">
      <RemoteRunnable
         runnableDebuggingMode = "2"
         BundleIdentifier = "com.apple.springboard"
         RemotePath = "/HK Ferries">
         <BuildableReference
            BuildableIdentifier = "primary"
            BlueprintIdentifier = "CFEABB861A27544900E8C4F1"
            BuildableName = "HK Ferries Watch App.app"
            BlueprintName = "HK Ferries Watch App"
            ReferencedContainer = "container:ferriestimetable2.xcodeproj">
         </BuildableReference>
      </RemoteRunnable>
      <MacroExpansion>
         <BuildableReference
            BuildableIdentifier = "primary"
            BlueprintIdentifier = "CFEABB861A27544900E8C4F1"
            BuildableName = "HK Ferries Watch App.app"
            BlueprintName = "HK Ferries Watch App"
            ReferencedContainer = "container:ferriestimetable2.xcodeproj">
         </BuildableReference>
      </MacroExpansion>
   </ProfileAction>
   <AnalyzeAction
      buildConfiguration = "Debug">
   </AnalyzeAction>
   <ArchiveAction
      buildConfiguration = "Release"
      revealArchiveInOrganizer = "YES">
   </ArchiveAction>
</Scheme>
