// !$*UTF8*$!
{
	archiveVersion = 1;
	classes = {
	};
	objectVersion = 46;
	objects = {

/* Begin PBXBuildFile section */
		2174EB4C478AE725ACD053B7 /* libPods.a in Frameworks */ = {isa = PBXBuildFile; fileRef = A51CB659071444085A69B5C0 /* libPods.a */; };
		5BD133D8150C4452AAD94F8C /* libPods-ferriestimetable2.a in Frameworks */ = {isa = PBXBuildFile; fileRef = 442F5E54C47E48CF91D96F70 /* libPods-ferriestimetable2.a */; };
		CF1115B21975134300F8CA3C /* MobileCoreServices.framework in Frameworks */ = {isa = PBXBuildFile; fileRef = CF1115B11975134300F8CA3C /* MobileCoreServices.framework */; };
		CF153FFF196EEF40007599D3 /* BRClockLayer.m in Sources */ = {isa = PBXBuildFile; fileRef = CF153FFE196EEF40007599D3 /* BRClockLayer.m */; };
		CF41A5F01A0B26690094789B /* Main.storyboard in Resources */ = {isa = PBXBuildFile; fileRef = CFB6E0A9195D439E00F83035 /* Main.storyboard */; };
		CF41A5FD1A0B282C0094789B /* BRClockView.swift in Sources */ = {isa = PBXBuildFile; fileRef = CFFB943F196E6C14004ED1F3 /* BRClockView.swift */; };
		CF41A5FE1A0B282F0094789B /* BRClockLayer.m in Sources */ = {isa = PBXBuildFile; fileRef = CF153FFE196EEF40007599D3 /* BRClockLayer.m */; };
		CF41A6321A0B28B50094789B /* Piers.plist in Resources */ = {isa = PBXBuildFile; fileRef = CF47A5EA195F350E0066D9EE /* Piers.plist */; };
		CF41A6331A0B28B50094789B /* Central.plist in Resources */ = {isa = PBXBuildFile; fileRef = CF47A5C8195F350E0066D9EE /* Central.plist */; };
		CF41A6341A0B28B50094789B /* NorthPoint.plist in Resources */ = {isa = PBXBuildFile; fileRef = CF47A5E7195F350E0066D9EE /* NorthPoint.plist */; };
		CF41A6351A0B28B50094789B /* CheungChauInfo.plist in Resources */ = {isa = PBXBuildFile; fileRef = CF47A5CA195F350E0066D9EE /* CheungChauInfo.plist */; };
		CF41A6361A0B28B50094789B /* CheungChauFromHoliday.plist in Resources */ = {isa = PBXBuildFile; fileRef = CF47A5C9195F350E0066D9EE /* CheungChauFromHoliday.plist */; };
		CF41A6371A0B28B50094789B /* CheungChauToHoliday.plist in Resources */ = {isa = PBXBuildFile; fileRef = CF47A5CB195F350E0066D9EE /* CheungChauToHoliday.plist */; };
		CF41A6381A0B28B50094789B /* FromCheungChauNormal.plist in Resources */ = {isa = PBXBuildFile; fileRef = CF47A5CE195F350E0066D9EE /* FromCheungChauNormal.plist */; };
		CF41A6391A0B28B50094789B /* ToCheungChauSaturday.plist in Resources */ = {isa = PBXBuildFile; fileRef = CF47A5EC195F350E0066D9EE /* ToCheungChauSaturday.plist */; };
		CF41A63A1A0B28B50094789B /* ToCheungChauNormal.plist in Resources */ = {isa = PBXBuildFile; fileRef = CF47A5EB195F350E0066D9EE /* ToCheungChauNormal.plist */; };
		CF41A63B1A0B28B50094789B /* DiscoveryBayInfo.plist in Resources */ = {isa = PBXBuildFile; fileRef = CF47A5CC195F350E0066D9EE /* DiscoveryBayInfo.plist */; };
		CF41A63C1A0B28B50094789B /* FromDiscoveryBayHoliday.plist in Resources */ = {isa = PBXBuildFile; fileRef = CF47A5CF195F350E0066D9EE /* FromDiscoveryBayHoliday.plist */; };
		CF41A63D1A0B28B50094789B /* FromDiscoveryBayNormal.plist in Resources */ = {isa = PBXBuildFile; fileRef = CF47A5D0195F350E0066D9EE /* FromDiscoveryBayNormal.plist */; };
		CF41A63E1A0B28B50094789B /* FromDiscoveryBaySaturday.plist in Resources */ = {isa = PBXBuildFile; fileRef = CF47A5D1195F350E0066D9EE /* FromDiscoveryBaySaturday.plist */; };
		CF41A63F1A0B28B50094789B /* ToDiscoveryBayHoliday.plist in Resources */ = {isa = PBXBuildFile; fileRef = CF47A5ED195F350E0066D9EE /* ToDiscoveryBayHoliday.plist */; };
		CF41A6401A0B28B50094789B /* ToDiscoveryBayNormal.plist in Resources */ = {isa = PBXBuildFile; fileRef = CF47A5EE195F350E0066D9EE /* ToDiscoveryBayNormal.plist */; };
		CF41A6411A0B28B50094789B /* ToDiscoveryBaySaturday.plist in Resources */ = {isa = PBXBuildFile; fileRef = CF47A5EF195F350E0066D9EE /* ToDiscoveryBaySaturday.plist */; };
		CF41A6421A0B28B50094789B /* HungHomInfo.plist in Resources */ = {isa = PBXBuildFile; fileRef = CF47A5E2195F350E0066D9EE /* HungHomInfo.plist */; };
		CF41A6431A0B28B50094789B /* FromHungHomHoliday.plist in Resources */ = {isa = PBXBuildFile; fileRef = CF47A5D2195F350E0066D9EE /* FromHungHomHoliday.plist */; };
		CF41A6441A0B28B50094789B /* FromHungHomNormal.plist in Resources */ = {isa = PBXBuildFile; fileRef = CF47A5D3195F350E0066D9EE /* FromHungHomNormal.plist */; };
		CF41A6451A0B28B50094789B /* ToHungHomHoliday.plist in Resources */ = {isa = PBXBuildFile; fileRef = CF47A5F0195F350E0066D9EE /* ToHungHomHoliday.plist */; };
		CF41A6461A0B28B50094789B /* ToHungHomNormal.plist in Resources */ = {isa = PBXBuildFile; fileRef = CF47A5F1195F350E0066D9EE /* ToHungHomNormal.plist */; };
		CF41A6471A0B28B50094789B /* KowloonCityInfo.plist in Resources */ = {isa = PBXBuildFile; fileRef = CF47A5E3195F350E0066D9EE /* KowloonCityInfo.plist */; };
		CF41A6481A0B28B50094789B /* FromKowloonCityHoliday.plist in Resources */ = {isa = PBXBuildFile; fileRef = CF47A5D4195F350E0066D9EE /* FromKowloonCityHoliday.plist */; };
		CF41A6491A0B28B50094789B /* FromKowloonCityNormal.plist in Resources */ = {isa = PBXBuildFile; fileRef = CF47A5D5195F350E0066D9EE /* FromKowloonCityNormal.plist */; };
		CF41A64A1A0B28B50094789B /* ToKowloonCityHoliday.plist in Resources */ = {isa = PBXBuildFile; fileRef = CF47A5F2195F350E0066D9EE /* ToKowloonCityHoliday.plist */; };
		CF41A64B1A0B28B50094789B /* ToKowloonCityNormal.plist in Resources */ = {isa = PBXBuildFile; fileRef = CF47A5F3195F350E0066D9EE /* ToKowloonCityNormal.plist */; };
		CF41A64C1A0B28B50094789B /* MuiWoInfo.plist in Resources */ = {isa = PBXBuildFile; fileRef = CF47A5E6195F350E0066D9EE /* MuiWoInfo.plist */; };
		CF41A64D1A0B28B50094789B /* FromMuiWoHoliday.plist in Resources */ = {isa = PBXBuildFile; fileRef = CF47A5D6195F350E0066D9EE /* FromMuiWoHoliday.plist */; };
		CF41A64E1A0B28B50094789B /* FromMuiWoNormal.plist in Resources */ = {isa = PBXBuildFile; fileRef = CF47A5D7195F350E0066D9EE /* FromMuiWoNormal.plist */; };
		CF41A64F1A0B28B50094789B /* ToMuiWoHoliday.plist in Resources */ = {isa = PBXBuildFile; fileRef = CF47A5F4195F350E0066D9EE /* ToMuiWoHoliday.plist */; };
		CF41A6501A0B28B50094789B /* ToMuiWoNormal.plist in Resources */ = {isa = PBXBuildFile; fileRef = CF47A5F5195F350E0066D9EE /* ToMuiWoNormal.plist */; };
		CF41A6511A0B28B50094789B /* ToMuiWoSaturday.plist in Resources */ = {isa = PBXBuildFile; fileRef = CF47A5F6195F350E0066D9EE /* ToMuiWoSaturday.plist */; };
		CF41A6521A0B28B50094789B /* LammaSokKwuWanInfo.plist in Resources */ = {isa = PBXBuildFile; fileRef = CF47A5E4195F350E0066D9EE /* LammaSokKwuWanInfo.plist */; };
		CF41A6531A0B28B50094789B /* FromSKWHoliday.plist in Resources */ = {isa = PBXBuildFile; fileRef = CF47A5DD195F350E0066D9EE /* FromSKWHoliday.plist */; };
		CF41A6541A0B28B50094789B /* FromSKWNormal.plist in Resources */ = {isa = PBXBuildFile; fileRef = CF47A5DE195F350E0066D9EE /* FromSKWNormal.plist */; };
		CF41A6551A0B28B50094789B /* ToSKWHoliday.plist in Resources */ = {isa = PBXBuildFile; fileRef = CF47A5FC195F350E0066D9EE /* ToSKWHoliday.plist */; };
		CF41A6561A0B28B50094789B /* ToSKWNormal.plist in Resources */ = {isa = PBXBuildFile; fileRef = CF47A5FD195F350E0066D9EE /* ToSKWNormal.plist */; };
		CF41A6571A0B28B50094789B /* LammaYungShueWanInfo.plist in Resources */ = {isa = PBXBuildFile; fileRef = CF47A5E5195F350E0066D9EE /* LammaYungShueWanInfo.plist */; };
		CF41A6581A0B28B50094789B /* FromYSWHoliday.plist in Resources */ = {isa = PBXBuildFile; fileRef = CF47A5DF195F350E0066D9EE /* FromYSWHoliday.plist */; };
		CF41A6591A0B28B50094789B /* FromYSWNormal.plist in Resources */ = {isa = PBXBuildFile; fileRef = CF47A5E0195F350E0066D9EE /* FromYSWNormal.plist */; };
		CF41A65A1A0B28B50094789B /* FromYSWNormalSaturday.plist in Resources */ = {isa = PBXBuildFile; fileRef = CF47A5E1195F350E0066D9EE /* FromYSWNormalSaturday.plist */; };
		CF41A65B1A0B28B50094789B /* ToYSWHoliday.plist in Resources */ = {isa = PBXBuildFile; fileRef = CF47A5FE195F350E0066D9EE /* ToYSWHoliday.plist */; };
		CF41A65C1A0B28B50094789B /* ToYSWNormal.plist in Resources */ = {isa = PBXBuildFile; fileRef = CF47A5FF195F350F0066D9EE /* ToYSWNormal.plist */; };
		CF41A65D1A0B28B50094789B /* ParkIslandInfo.plist in Resources */ = {isa = PBXBuildFile; fileRef = CF47A5E8195F350E0066D9EE /* ParkIslandInfo.plist */; };
		CF41A65E1A0B28B50094789B /* FromParkHoliday.plist in Resources */ = {isa = PBXBuildFile; fileRef = CF47A5D8195F350E0066D9EE /* FromParkHoliday.plist */; };
		CF41A65F1A0B28B50094789B /* FromParkNormal.plist in Resources */ = {isa = PBXBuildFile; fileRef = CF47A5D9195F350E0066D9EE /* FromParkNormal.plist */; };
		CF41A6601A0B28B50094789B /* FromParkSaturday.plist in Resources */ = {isa = PBXBuildFile; fileRef = CF47A5DA195F350E0066D9EE /* FromParkSaturday.plist */; };
		CF41A6611A0B28B50094789B /* ToParkHoliday.plist in Resources */ = {isa = PBXBuildFile; fileRef = CF47A5F7195F350E0066D9EE /* ToParkHoliday.plist */; };
		CF41A6621A0B28B50094789B /* ToParkNormal.plist in Resources */ = {isa = PBXBuildFile; fileRef = CF47A5F8195F350E0066D9EE /* ToParkNormal.plist */; };
		CF41A6631A0B28B50094789B /* ToParkSaturday.plist in Resources */ = {isa = PBXBuildFile; fileRef = CF47A5F9195F350E0066D9EE /* ToParkSaturday.plist */; };
		CF41A6641A0B28B50094789B /* PengChauInfo.plist in Resources */ = {isa = PBXBuildFile; fileRef = CF47A5E9195F350E0066D9EE /* PengChauInfo.plist */; };
		CF41A6651A0B28BC0094789B /* FromPengChauHoliday.plist in Resources */ = {isa = PBXBuildFile; fileRef = CF47A5DB195F350E0066D9EE /* FromPengChauHoliday.plist */; };
		CF41A6661A0B28BC0094789B /* FromPengChauNormal.plist in Resources */ = {isa = PBXBuildFile; fileRef = CF47A5DC195F350E0066D9EE /* FromPengChauNormal.plist */; };
		CF41A6671A0B28BC0094789B /* ToPengChauHoliday.plist in Resources */ = {isa = PBXBuildFile; fileRef = CF47A5FA195F350E0066D9EE /* ToPengChauHoliday.plist */; };
		CF41A6681A0B28BC0094789B /* ToPengChauNormal.plist in Resources */ = {isa = PBXBuildFile; fileRef = CF47A5FB195F350E0066D9EE /* ToPengChauNormal.plist */; };
		CF41A6691A0B28C20094789B /* CustomCalendarViewController.swift in Sources */ = {isa = PBXBuildFile; fileRef = CFC0E0AA196ABE4500B4CB4A /* CustomCalendarViewController.swift */; };
		CF41A6721A0B30200094789B /* Pods-ferriestimetable2.debug.xcconfig in Resources */ = {isa = PBXBuildFile; fileRef = CF41A66F1A0B30200094789B /* Pods-ferriestimetable2.debug.xcconfig */; };
		CF41A6731A0B30200094789B /* Pods-ferriestimetable2.distrubtion.xcconfig in Resources */ = {isa = PBXBuildFile; fileRef = CF41A6701A0B30200094789B /* Pods-ferriestimetable2.distrubtion.xcconfig */; };
		CF41A6741A0B30200094789B /* Pods-ferriestimetable2.release.xcconfig in Resources */ = {isa = PBXBuildFile; fileRef = CF41A6711A0B30200094789B /* Pods-ferriestimetable2.release.xcconfig */; };
		CF47A600195F350F0066D9EE /* Central.plist in Resources */ = {isa = PBXBuildFile; fileRef = CF47A5C8195F350E0066D9EE /* Central.plist */; };
		CF47A601195F350F0066D9EE /* CheungChauFromHoliday.plist in Resources */ = {isa = PBXBuildFile; fileRef = CF47A5C9195F350E0066D9EE /* CheungChauFromHoliday.plist */; };
		CF47A602195F350F0066D9EE /* CheungChauInfo.plist in Resources */ = {isa = PBXBuildFile; fileRef = CF47A5CA195F350E0066D9EE /* CheungChauInfo.plist */; };
		CF47A603195F350F0066D9EE /* CheungChauToHoliday.plist in Resources */ = {isa = PBXBuildFile; fileRef = CF47A5CB195F350E0066D9EE /* CheungChauToHoliday.plist */; };
		CF47A604195F350F0066D9EE /* DiscoveryBayInfo.plist in Resources */ = {isa = PBXBuildFile; fileRef = CF47A5CC195F350E0066D9EE /* DiscoveryBayInfo.plist */; };
		CF47A606195F350F0066D9EE /* FromCheungChauNormal.plist in Resources */ = {isa = PBXBuildFile; fileRef = CF47A5CE195F350E0066D9EE /* FromCheungChauNormal.plist */; };
		CF47A607195F350F0066D9EE /* FromDiscoveryBayHoliday.plist in Resources */ = {isa = PBXBuildFile; fileRef = CF47A5CF195F350E0066D9EE /* FromDiscoveryBayHoliday.plist */; };
		CF47A608195F350F0066D9EE /* FromDiscoveryBayNormal.plist in Resources */ = {isa = PBXBuildFile; fileRef = CF47A5D0195F350E0066D9EE /* FromDiscoveryBayNormal.plist */; };
		CF47A609195F350F0066D9EE /* FromDiscoveryBaySaturday.plist in Resources */ = {isa = PBXBuildFile; fileRef = CF47A5D1195F350E0066D9EE /* FromDiscoveryBaySaturday.plist */; };
		CF47A60A195F350F0066D9EE /* FromHungHomHoliday.plist in Resources */ = {isa = PBXBuildFile; fileRef = CF47A5D2195F350E0066D9EE /* FromHungHomHoliday.plist */; };
		CF47A60B195F350F0066D9EE /* FromHungHomNormal.plist in Resources */ = {isa = PBXBuildFile; fileRef = CF47A5D3195F350E0066D9EE /* FromHungHomNormal.plist */; };
		CF47A60C195F350F0066D9EE /* FromKowloonCityHoliday.plist in Resources */ = {isa = PBXBuildFile; fileRef = CF47A5D4195F350E0066D9EE /* FromKowloonCityHoliday.plist */; };
		CF47A60D195F350F0066D9EE /* FromKowloonCityNormal.plist in Resources */ = {isa = PBXBuildFile; fileRef = CF47A5D5195F350E0066D9EE /* FromKowloonCityNormal.plist */; };
		CF47A60E195F350F0066D9EE /* FromMuiWoHoliday.plist in Resources */ = {isa = PBXBuildFile; fileRef = CF47A5D6195F350E0066D9EE /* FromMuiWoHoliday.plist */; };
		CF47A60F195F350F0066D9EE /* FromMuiWoNormal.plist in Resources */ = {isa = PBXBuildFile; fileRef = CF47A5D7195F350E0066D9EE /* FromMuiWoNormal.plist */; };
		CF47A610195F350F0066D9EE /* FromParkHoliday.plist in Resources */ = {isa = PBXBuildFile; fileRef = CF47A5D8195F350E0066D9EE /* FromParkHoliday.plist */; };
		CF47A611195F350F0066D9EE /* FromParkNormal.plist in Resources */ = {isa = PBXBuildFile; fileRef = CF47A5D9195F350E0066D9EE /* FromParkNormal.plist */; };
		CF47A612195F350F0066D9EE /* FromParkSaturday.plist in Resources */ = {isa = PBXBuildFile; fileRef = CF47A5DA195F350E0066D9EE /* FromParkSaturday.plist */; };
		CF47A613195F350F0066D9EE /* FromPengChauHoliday.plist in Resources */ = {isa = PBXBuildFile; fileRef = CF47A5DB195F350E0066D9EE /* FromPengChauHoliday.plist */; };
		CF47A614195F350F0066D9EE /* FromPengChauNormal.plist in Resources */ = {isa = PBXBuildFile; fileRef = CF47A5DC195F350E0066D9EE /* FromPengChauNormal.plist */; };
		CF47A615195F350F0066D9EE /* FromSKWHoliday.plist in Resources */ = {isa = PBXBuildFile; fileRef = CF47A5DD195F350E0066D9EE /* FromSKWHoliday.plist */; };
		CF47A616195F350F0066D9EE /* FromSKWNormal.plist in Resources */ = {isa = PBXBuildFile; fileRef = CF47A5DE195F350E0066D9EE /* FromSKWNormal.plist */; };
		CF47A617195F350F0066D9EE /* FromYSWHoliday.plist in Resources */ = {isa = PBXBuildFile; fileRef = CF47A5DF195F350E0066D9EE /* FromYSWHoliday.plist */; };
		CF47A618195F350F0066D9EE /* FromYSWNormal.plist in Resources */ = {isa = PBXBuildFile; fileRef = CF47A5E0195F350E0066D9EE /* FromYSWNormal.plist */; };
		CF47A619195F350F0066D9EE /* FromYSWNormalSaturday.plist in Resources */ = {isa = PBXBuildFile; fileRef = CF47A5E1195F350E0066D9EE /* FromYSWNormalSaturday.plist */; };
		CF47A61A195F350F0066D9EE /* HungHomInfo.plist in Resources */ = {isa = PBXBuildFile; fileRef = CF47A5E2195F350E0066D9EE /* HungHomInfo.plist */; };
		CF47A61B195F350F0066D9EE /* KowloonCityInfo.plist in Resources */ = {isa = PBXBuildFile; fileRef = CF47A5E3195F350E0066D9EE /* KowloonCityInfo.plist */; };
		CF47A61C195F350F0066D9EE /* LammaSokKwuWanInfo.plist in Resources */ = {isa = PBXBuildFile; fileRef = CF47A5E4195F350E0066D9EE /* LammaSokKwuWanInfo.plist */; };
		CF47A61D195F350F0066D9EE /* LammaYungShueWanInfo.plist in Resources */ = {isa = PBXBuildFile; fileRef = CF47A5E5195F350E0066D9EE /* LammaYungShueWanInfo.plist */; };
		CF47A61E195F350F0066D9EE /* MuiWoInfo.plist in Resources */ = {isa = PBXBuildFile; fileRef = CF47A5E6195F350E0066D9EE /* MuiWoInfo.plist */; };
		CF47A61F195F350F0066D9EE /* NorthPoint.plist in Resources */ = {isa = PBXBuildFile; fileRef = CF47A5E7195F350E0066D9EE /* NorthPoint.plist */; };
		CF47A620195F350F0066D9EE /* ParkIslandInfo.plist in Resources */ = {isa = PBXBuildFile; fileRef = CF47A5E8195F350E0066D9EE /* ParkIslandInfo.plist */; };
		CF47A621195F350F0066D9EE /* PengChauInfo.plist in Resources */ = {isa = PBXBuildFile; fileRef = CF47A5E9195F350E0066D9EE /* PengChauInfo.plist */; };
		CF47A622195F350F0066D9EE /* Piers.plist in Resources */ = {isa = PBXBuildFile; fileRef = CF47A5EA195F350E0066D9EE /* Piers.plist */; };
		CF47A623195F350F0066D9EE /* ToCheungChauNormal.plist in Resources */ = {isa = PBXBuildFile; fileRef = CF47A5EB195F350E0066D9EE /* ToCheungChauNormal.plist */; };
		CF47A624195F350F0066D9EE /* ToCheungChauSaturday.plist in Resources */ = {isa = PBXBuildFile; fileRef = CF47A5EC195F350E0066D9EE /* ToCheungChauSaturday.plist */; };
		CF47A625195F350F0066D9EE /* ToDiscoveryBayHoliday.plist in Resources */ = {isa = PBXBuildFile; fileRef = CF47A5ED195F350E0066D9EE /* ToDiscoveryBayHoliday.plist */; };
		CF47A626195F350F0066D9EE /* ToDiscoveryBayNormal.plist in Resources */ = {isa = PBXBuildFile; fileRef = CF47A5EE195F350E0066D9EE /* ToDiscoveryBayNormal.plist */; };
		CF47A627195F350F0066D9EE /* ToDiscoveryBaySaturday.plist in Resources */ = {isa = PBXBuildFile; fileRef = CF47A5EF195F350E0066D9EE /* ToDiscoveryBaySaturday.plist */; };
		CF47A628195F350F0066D9EE /* ToHungHomHoliday.plist in Resources */ = {isa = PBXBuildFile; fileRef = CF47A5F0195F350E0066D9EE /* ToHungHomHoliday.plist */; };
		CF47A629195F350F0066D9EE /* ToHungHomNormal.plist in Resources */ = {isa = PBXBuildFile; fileRef = CF47A5F1195F350E0066D9EE /* ToHungHomNormal.plist */; };
		CF47A62A195F350F0066D9EE /* ToKowloonCityHoliday.plist in Resources */ = {isa = PBXBuildFile; fileRef = CF47A5F2195F350E0066D9EE /* ToKowloonCityHoliday.plist */; };
		CF47A62B195F350F0066D9EE /* ToKowloonCityNormal.plist in Resources */ = {isa = PBXBuildFile; fileRef = CF47A5F3195F350E0066D9EE /* ToKowloonCityNormal.plist */; };
		CF47A62C195F350F0066D9EE /* ToMuiWoHoliday.plist in Resources */ = {isa = PBXBuildFile; fileRef = CF47A5F4195F350E0066D9EE /* ToMuiWoHoliday.plist */; };
		CF47A62D195F350F0066D9EE /* ToMuiWoNormal.plist in Resources */ = {isa = PBXBuildFile; fileRef = CF47A5F5195F350E0066D9EE /* ToMuiWoNormal.plist */; };
		CF47A62E195F350F0066D9EE /* ToMuiWoSaturday.plist in Resources */ = {isa = PBXBuildFile; fileRef = CF47A5F6195F350E0066D9EE /* ToMuiWoSaturday.plist */; };
		CF47A62F195F350F0066D9EE /* ToParkHoliday.plist in Resources */ = {isa = PBXBuildFile; fileRef = CF47A5F7195F350E0066D9EE /* ToParkHoliday.plist */; };
		CF47A630195F350F0066D9EE /* ToParkNormal.plist in Resources */ = {isa = PBXBuildFile; fileRef = CF47A5F8195F350E0066D9EE /* ToParkNormal.plist */; };
		CF47A631195F350F0066D9EE /* ToParkSaturday.plist in Resources */ = {isa = PBXBuildFile; fileRef = CF47A5F9195F350E0066D9EE /* ToParkSaturday.plist */; };
		CF47A632195F350F0066D9EE /* ToPengChauHoliday.plist in Resources */ = {isa = PBXBuildFile; fileRef = CF47A5FA195F350E0066D9EE /* ToPengChauHoliday.plist */; };
		CF47A633195F350F0066D9EE /* ToPengChauNormal.plist in Resources */ = {isa = PBXBuildFile; fileRef = CF47A5FB195F350E0066D9EE /* ToPengChauNormal.plist */; };
		CF47A634195F350F0066D9EE /* ToSKWHoliday.plist in Resources */ = {isa = PBXBuildFile; fileRef = CF47A5FC195F350E0066D9EE /* ToSKWHoliday.plist */; };
		CF47A635195F350F0066D9EE /* ToSKWNormal.plist in Resources */ = {isa = PBXBuildFile; fileRef = CF47A5FD195F350E0066D9EE /* ToSKWNormal.plist */; };
		CF47A636195F350F0066D9EE /* ToYSWHoliday.plist in Resources */ = {isa = PBXBuildFile; fileRef = CF47A5FE195F350E0066D9EE /* ToYSWHoliday.plist */; };
		CF47A637195F350F0066D9EE /* ToYSWNormal.plist in Resources */ = {isa = PBXBuildFile; fileRef = CF47A5FF195F350F0066D9EE /* ToYSWNormal.plist */; };
		CF47A644195F4CBB0066D9EE /* PierSelectTableViewController.swift in Sources */ = {isa = PBXBuildFile; fileRef = CF47A643195F4CBB0066D9EE /* PierSelectTableViewController.swift */; };
		CF4E27CF19C0ADDF00E18B40 /* Crashlytics.framework in Frameworks */ = {isa = PBXBuildFile; fileRef = CF4E27CE19C0ADDF00E18B40 /* Crashlytics.framework */; };
		CF6515B3196062DD005626C0 /* Island.swift in Sources */ = {isa = PBXBuildFile; fileRef = CF6515B2196062DD005626C0 /* Island.swift */; };
		CF71F4F2199351FF00BF6274 /* MasterViewController.swift in Sources */ = {isa = PBXBuildFile; fileRef = CFB6E0A5195D439E00F83035 /* MasterViewController.swift */; };
		CF73661D1965C60B009A6CC8 /* DateHoliday.swift in Sources */ = {isa = PBXBuildFile; fileRef = CF73661C1965C60B009A6CC8 /* DateHoliday.swift */; };
		CF7FDFA71973D0C000948061 /* CoreLocation.framework in Frameworks */ = {isa = PBXBuildFile; fileRef = CF7FDFA61973D0C000948061 /* CoreLocation.framework */; };
		CF7FDFA91973D27300948061 /* MapViewController.swift in Sources */ = {isa = PBXBuildFile; fileRef = CF7FDFA81973D27300948061 /* MapViewController.swift */; };
		CFAEB8F8196AEBCE007DB58B /* FerryViewController.swift in Sources */ = {isa = PBXBuildFile; fileRef = CFAEB8F7196AEBCE007DB58B /* FerryViewController.swift */; };
		CFB016AF196B0790007D0068 /* MapKit.framework in Frameworks */ = {isa = PBXBuildFile; fileRef = CFB016AE196B0790007D0068 /* MapKit.framework */; };
		CFB6E0A4195D439E00F83035 /* AppDelegate.swift in Sources */ = {isa = PBXBuildFile; fileRef = CFB6E0A3195D439E00F83035 /* AppDelegate.swift */; };
		CFB6E0A8195D439E00F83035 /* DetailViewController.swift in Sources */ = {isa = PBXBuildFile; fileRef = CFB6E0A7195D439E00F83035 /* DetailViewController.swift */; };
		CFB6E0AB195D439E00F83035 /* Main.storyboard in Resources */ = {isa = PBXBuildFile; fileRef = CFB6E0A9195D439E00F83035 /* Main.storyboard */; };
		CFB6E0AD195D439E00F83035 /* Images.xcassets in Resources */ = {isa = PBXBuildFile; fileRef = CFB6E0AC195D439E00F83035 /* Images.xcassets */; };
		CFB6E0B9195D439E00F83035 /* ferrytimetable2Tests.swift in Sources */ = {isa = PBXBuildFile; fileRef = CFB6E0B8195D439E00F83035 /* ferrytimetable2Tests.swift */; };
		CFC0E0AB196ABE4500B4CB4A /* CustomCalendarViewController.swift in Sources */ = {isa = PBXBuildFile; fileRef = CFC0E0AA196ABE4500B4CB4A /* CustomCalendarViewController.swift */; };
		CFCCAF8B197B618400515CBA /* InfoPlist.strings in Resources */ = {isa = PBXBuildFile; fileRef = CFCCAF8D197B618400515CBA /* InfoPlist.strings */; };
		CFCCAF90197B618400515CBA /* InfoPlist.strings in Resources */ = {isa = PBXBuildFile; fileRef = CFCCAF92197B618400515CBA /* InfoPlist.strings */; };
		CFCCAF95197B618400515CBA /* Localizable.strings in Resources */ = {isa = PBXBuildFile; fileRef = CFCCAF97197B618400515CBA /* Localizable.strings */; };
		CFD0CA03197161AB006A224B /* NewNotificationViewController.swift in Sources */ = {isa = PBXBuildFile; fileRef = CFD0CA02197161AB006A224B /* NewNotificationViewController.swift */; };
		CFD0CA071971C7B7006A224B /* NotificationTableViewController.swift in Sources */ = {isa = PBXBuildFile; fileRef = CFD0CA061971C7B7006A224B /* NotificationTableViewController.swift */; };
		CFDA3C73196434710079E924 /* Ferry.swift in Sources */ = {isa = PBXBuildFile; fileRef = CFDA3C72196434710079E924 /* Ferry.swift */; };
		CFDA3C7619647BB40079E924 /* FerryTimeTableViewCell.swift in Sources */ = {isa = PBXBuildFile; fileRef = CFDA3C7519647BB40079E924 /* FerryTimeTableViewCell.swift */; };
		CFE7563C1A0B22320064B199 /* Island.swift in Sources */ = {isa = PBXBuildFile; fileRef = CF6515B2196062DD005626C0 /* Island.swift */; };
		CFE7563D1A0B22750064B199 /* Ferry.swift in Sources */ = {isa = PBXBuildFile; fileRef = CFDA3C72196434710079E924 /* Ferry.swift */; };
		CFE7563E1A0B22950064B199 /* DateHoliday.swift in Sources */ = {isa = PBXBuildFile; fileRef = CF73661C1965C60B009A6CC8 /* DateHoliday.swift */; };
		CFF9BB071976CFE9004E087E /* Settings.bundle in Resources */ = {isa = PBXBuildFile; fileRef = CFF9BB061976CFE9004E087E /* Settings.bundle */; };
		CFF9BB091976D1E9004E087E /* AboutViewController.swift in Sources */ = {isa = PBXBuildFile; fileRef = CFF9BB081976D1E9004E087E /* AboutViewController.swift */; };
		CFFB9440196E6C14004ED1F3 /* BRClockView.swift in Sources */ = {isa = PBXBuildFile; fileRef = CFFB943F196E6C14004ED1F3 /* BRClockView.swift */; };
		CFFB9443196ED3C5004ED1F3 /* QuartzCore.framework in Frameworks */ = {isa = PBXBuildFile; fileRef = CFFB9442196ED3C5004ED1F3 /* QuartzCore.framework */; };
/* End PBXBuildFile section */

/* Begin PBXContainerItemProxy section */
		CFB6E0B3195D439E00F83035 /* PBXContainerItemProxy */ = {
			isa = PBXContainerItemProxy;
			containerPortal = CFB6E096195D439E00F83035 /* Project object */;
			proxyType = 1;
			remoteGlobalIDString = CFB6E09D195D439E00F83035;
			remoteInfo = ferrytimetable2;
		};
/* End PBXContainerItemProxy section */

/* Begin PBXFileReference section */
		442F5E54C47E48CF91D96F70 /* libPods-ferriestimetable2.a */ = {isa = PBXFileReference; explicitFileType = archive.ar; includeInIndex = 0; path = "libPods-ferriestimetable2.a"; sourceTree = BUILT_PRODUCTS_DIR; };
		A51CB659071444085A69B5C0 /* libPods.a */ = {isa = PBXFileReference; explicitFileType = archive.ar; includeInIndex = 0; path = libPods.a; sourceTree = BUILT_PRODUCTS_DIR; };
		CF1115B11975134300F8CA3C /* MobileCoreServices.framework */ = {isa = PBXFileReference; lastKnownFileType = wrapper.framework; name = MobileCoreServices.framework; path = System/Library/Frameworks/MobileCoreServices.framework; sourceTree = SDKROOT; };
		CF153FFD196EEF40007599D3 /* BRClockLayer.h */ = {isa = PBXFileReference; fileEncoding = 4; lastKnownFileType = sourcecode.c.h; path = BRClockLayer.h; sourceTree = "<group>"; };
		CF153FFE196EEF40007599D3 /* BRClockLayer.m */ = {isa = PBXFileReference; fileEncoding = 4; lastKnownFileType = sourcecode.c.objc; path = BRClockLayer.m; sourceTree = "<group>"; };
		CF41A66F1A0B30200094789B /* Pods-ferriestimetable2.debug.xcconfig */ = {isa = PBXFileReference; fileEncoding = 4; lastKnownFileType = text.xcconfig; name = "Pods-ferriestimetable2.debug.xcconfig"; path = "Pods/Target Support Files/Pods-ferriestimetable2/Pods-ferriestimetable2.debug.xcconfig"; sourceTree = "<group>"; };
		CF41A6701A0B30200094789B /* Pods-ferriestimetable2.distrubtion.xcconfig */ = {isa = PBXFileReference; fileEncoding = 4; lastKnownFileType = text.xcconfig; name = "Pods-ferriestimetable2.distrubtion.xcconfig"; path = "Pods/Target Support Files/Pods-ferriestimetable2/Pods-ferriestimetable2.distrubtion.xcconfig"; sourceTree = "<group>"; };
		CF41A6711A0B30200094789B /* Pods-ferriestimetable2.release.xcconfig */ = {isa = PBXFileReference; fileEncoding = 4; lastKnownFileType = text.xcconfig; name = "Pods-ferriestimetable2.release.xcconfig"; path = "Pods/Target Support Files/Pods-ferriestimetable2/Pods-ferriestimetable2.release.xcconfig"; sourceTree = "<group>"; };
		CF47A5C8195F350E0066D9EE /* Central.plist */ = {isa = PBXFileReference; fileEncoding = 4; lastKnownFileType = text.plist.xml; path = Central.plist; sourceTree = "<group>"; };
		CF47A5C9195F350E0066D9EE /* CheungChauFromHoliday.plist */ = {isa = PBXFileReference; fileEncoding = 4; lastKnownFileType = text.plist.xml; path = CheungChauFromHoliday.plist; sourceTree = "<group>"; };
		CF47A5CA195F350E0066D9EE /* CheungChauInfo.plist */ = {isa = PBXFileReference; fileEncoding = 4; lastKnownFileType = text.plist.xml; path = CheungChauInfo.plist; sourceTree = "<group>"; };
		CF47A5CB195F350E0066D9EE /* CheungChauToHoliday.plist */ = {isa = PBXFileReference; fileEncoding = 4; lastKnownFileType = text.plist.xml; path = CheungChauToHoliday.plist; sourceTree = "<group>"; };
		CF47A5CC195F350E0066D9EE /* DiscoveryBayInfo.plist */ = {isa = PBXFileReference; fileEncoding = 4; lastKnownFileType = text.plist.xml; path = DiscoveryBayInfo.plist; sourceTree = "<group>"; };
		CF47A5CE195F350E0066D9EE /* FromCheungChauNormal.plist */ = {isa = PBXFileReference; fileEncoding = 4; lastKnownFileType = text.plist.xml; path = FromCheungChauNormal.plist; sourceTree = "<group>"; };
		CF47A5CF195F350E0066D9EE /* FromDiscoveryBayHoliday.plist */ = {isa = PBXFileReference; fileEncoding = 4; lastKnownFileType = text.plist.xml; path = FromDiscoveryBayHoliday.plist; sourceTree = "<group>"; };
		CF47A5D0195F350E0066D9EE /* FromDiscoveryBayNormal.plist */ = {isa = PBXFileReference; fileEncoding = 4; lastKnownFileType = text.plist.xml; path = FromDiscoveryBayNormal.plist; sourceTree = "<group>"; };
		CF47A5D1195F350E0066D9EE /* FromDiscoveryBaySaturday.plist */ = {isa = PBXFileReference; fileEncoding = 4; lastKnownFileType = text.plist.xml; path = FromDiscoveryBaySaturday.plist; sourceTree = "<group>"; };
		CF47A5D2195F350E0066D9EE /* FromHungHomHoliday.plist */ = {isa = PBXFileReference; fileEncoding = 4; lastKnownFileType = text.plist.xml; path = FromHungHomHoliday.plist; sourceTree = "<group>"; };
		CF47A5D3195F350E0066D9EE /* FromHungHomNormal.plist */ = {isa = PBXFileReference; fileEncoding = 4; lastKnownFileType = text.plist.xml; path = FromHungHomNormal.plist; sourceTree = "<group>"; };
		CF47A5D4195F350E0066D9EE /* FromKowloonCityHoliday.plist */ = {isa = PBXFileReference; fileEncoding = 4; lastKnownFileType = text.plist.xml; path = FromKowloonCityHoliday.plist; sourceTree = "<group>"; };
		CF47A5D5195F350E0066D9EE /* FromKowloonCityNormal.plist */ = {isa = PBXFileReference; fileEncoding = 4; lastKnownFileType = text.plist.xml; path = FromKowloonCityNormal.plist; sourceTree = "<group>"; };
		CF47A5D6195F350E0066D9EE /* FromMuiWoHoliday.plist */ = {isa = PBXFileReference; fileEncoding = 4; lastKnownFileType = text.plist.xml; path = FromMuiWoHoliday.plist; sourceTree = "<group>"; };
		CF47A5D7195F350E0066D9EE /* FromMuiWoNormal.plist */ = {isa = PBXFileReference; fileEncoding = 4; lastKnownFileType = text.plist.xml; path = FromMuiWoNormal.plist; sourceTree = "<group>"; };
		CF47A5D8195F350E0066D9EE /* FromParkHoliday.plist */ = {isa = PBXFileReference; fileEncoding = 4; lastKnownFileType = text.plist.xml; path = FromParkHoliday.plist; sourceTree = "<group>"; };
		CF47A5D9195F350E0066D9EE /* FromParkNormal.plist */ = {isa = PBXFileReference; fileEncoding = 4; lastKnownFileType = text.plist.xml; path = FromParkNormal.plist; sourceTree = "<group>"; };
		CF47A5DA195F350E0066D9EE /* FromParkSaturday.plist */ = {isa = PBXFileReference; fileEncoding = 4; lastKnownFileType = text.plist.xml; path = FromParkSaturday.plist; sourceTree = "<group>"; };
		CF47A5DB195F350E0066D9EE /* FromPengChauHoliday.plist */ = {isa = PBXFileReference; fileEncoding = 4; lastKnownFileType = text.plist.xml; path = FromPengChauHoliday.plist; sourceTree = "<group>"; };
		CF47A5DC195F350E0066D9EE /* FromPengChauNormal.plist */ = {isa = PBXFileReference; fileEncoding = 4; lastKnownFileType = text.plist.xml; path = FromPengChauNormal.plist; sourceTree = "<group>"; };
		CF47A5DD195F350E0066D9EE /* FromSKWHoliday.plist */ = {isa = PBXFileReference; fileEncoding = 4; lastKnownFileType = text.plist.xml; path = FromSKWHoliday.plist; sourceTree = "<group>"; };
		CF47A5DE195F350E0066D9EE /* FromSKWNormal.plist */ = {isa = PBXFileReference; fileEncoding = 4; lastKnownFileType = text.plist.xml; path = FromSKWNormal.plist; sourceTree = "<group>"; };
		CF47A5DF195F350E0066D9EE /* FromYSWHoliday.plist */ = {isa = PBXFileReference; fileEncoding = 4; lastKnownFileType = text.plist.xml; path = FromYSWHoliday.plist; sourceTree = "<group>"; };
		CF47A5E0195F350E0066D9EE /* FromYSWNormal.plist */ = {isa = PBXFileReference; fileEncoding = 4; lastKnownFileType = text.plist.xml; path = FromYSWNormal.plist; sourceTree = "<group>"; };
		CF47A5E1195F350E0066D9EE /* FromYSWNormalSaturday.plist */ = {isa = PBXFileReference; fileEncoding = 4; lastKnownFileType = text.plist.xml; path = FromYSWNormalSaturday.plist; sourceTree = "<group>"; };
		CF47A5E2195F350E0066D9EE /* HungHomInfo.plist */ = {isa = PBXFileReference; fileEncoding = 4; lastKnownFileType = text.plist.xml; path = HungHomInfo.plist; sourceTree = "<group>"; };
		CF47A5E3195F350E0066D9EE /* KowloonCityInfo.plist */ = {isa = PBXFileReference; fileEncoding = 4; lastKnownFileType = text.plist.xml; path = KowloonCityInfo.plist; sourceTree = "<group>"; };
		CF47A5E4195F350E0066D9EE /* LammaSokKwuWanInfo.plist */ = {isa = PBXFileReference; fileEncoding = 4; lastKnownFileType = text.plist.xml; path = LammaSokKwuWanInfo.plist; sourceTree = "<group>"; };
		CF47A5E5195F350E0066D9EE /* LammaYungShueWanInfo.plist */ = {isa = PBXFileReference; fileEncoding = 4; lastKnownFileType = text.plist.xml; path = LammaYungShueWanInfo.plist; sourceTree = "<group>"; };
		CF47A5E6195F350E0066D9EE /* MuiWoInfo.plist */ = {isa = PBXFileReference; fileEncoding = 4; lastKnownFileType = text.plist.xml; path = MuiWoInfo.plist; sourceTree = "<group>"; };
		CF47A5E7195F350E0066D9EE /* NorthPoint.plist */ = {isa = PBXFileReference; fileEncoding = 4; lastKnownFileType = text.plist.xml; path = NorthPoint.plist; sourceTree = "<group>"; };
		CF47A5E8195F350E0066D9EE /* ParkIslandInfo.plist */ = {isa = PBXFileReference; fileEncoding = 4; lastKnownFileType = text.plist.xml; path = ParkIslandInfo.plist; sourceTree = "<group>"; };
		CF47A5E9195F350E0066D9EE /* PengChauInfo.plist */ = {isa = PBXFileReference; fileEncoding = 4; lastKnownFileType = text.plist.xml; path = PengChauInfo.plist; sourceTree = "<group>"; };
		CF47A5EA195F350E0066D9EE /* Piers.plist */ = {isa = PBXFileReference; fileEncoding = 4; lastKnownFileType = text.plist.xml; path = Piers.plist; sourceTree = "<group>"; };
		CF47A5EB195F350E0066D9EE /* ToCheungChauNormal.plist */ = {isa = PBXFileReference; fileEncoding = 4; lastKnownFileType = text.plist.xml; path = ToCheungChauNormal.plist; sourceTree = "<group>"; };
		CF47A5EC195F350E0066D9EE /* ToCheungChauSaturday.plist */ = {isa = PBXFileReference; fileEncoding = 4; lastKnownFileType = text.plist.xml; path = ToCheungChauSaturday.plist; sourceTree = "<group>"; };
		CF47A5ED195F350E0066D9EE /* ToDiscoveryBayHoliday.plist */ = {isa = PBXFileReference; fileEncoding = 4; lastKnownFileType = text.plist.xml; path = ToDiscoveryBayHoliday.plist; sourceTree = "<group>"; };
		CF47A5EE195F350E0066D9EE /* ToDiscoveryBayNormal.plist */ = {isa = PBXFileReference; fileEncoding = 4; lastKnownFileType = text.plist.xml; path = ToDiscoveryBayNormal.plist; sourceTree = "<group>"; };
		CF47A5EF195F350E0066D9EE /* ToDiscoveryBaySaturday.plist */ = {isa = PBXFileReference; fileEncoding = 4; lastKnownFileType = text.plist.xml; path = ToDiscoveryBaySaturday.plist; sourceTree = "<group>"; };
		CF47A5F0195F350E0066D9EE /* ToHungHomHoliday.plist */ = {isa = PBXFileReference; fileEncoding = 4; lastKnownFileType = text.plist.xml; path = ToHungHomHoliday.plist; sourceTree = "<group>"; };
		CF47A5F1195F350E0066D9EE /* ToHungHomNormal.plist */ = {isa = PBXFileReference; fileEncoding = 4; lastKnownFileType = text.plist.xml; path = ToHungHomNormal.plist; sourceTree = "<group>"; };
		CF47A5F2195F350E0066D9EE /* ToKowloonCityHoliday.plist */ = {isa = PBXFileReference; fileEncoding = 4; lastKnownFileType = text.plist.xml; path = ToKowloonCityHoliday.plist; sourceTree = "<group>"; };
		CF47A5F3195F350E0066D9EE /* ToKowloonCityNormal.plist */ = {isa = PBXFileReference; fileEncoding = 4; lastKnownFileType = text.plist.xml; path = ToKowloonCityNormal.plist; sourceTree = "<group>"; };
		CF47A5F4195F350E0066D9EE /* ToMuiWoHoliday.plist */ = {isa = PBXFileReference; fileEncoding = 4; lastKnownFileType = text.plist.xml; path = ToMuiWoHoliday.plist; sourceTree = "<group>"; };
		CF47A5F5195F350E0066D9EE /* ToMuiWoNormal.plist */ = {isa = PBXFileReference; fileEncoding = 4; lastKnownFileType = text.plist.xml; path = ToMuiWoNormal.plist; sourceTree = "<group>"; };
		CF47A5F6195F350E0066D9EE /* ToMuiWoSaturday.plist */ = {isa = PBXFileReference; fileEncoding = 4; lastKnownFileType = text.plist.xml; path = ToMuiWoSaturday.plist; sourceTree = "<group>"; };
		CF47A5F7195F350E0066D9EE /* ToParkHoliday.plist */ = {isa = PBXFileReference; fileEncoding = 4; lastKnownFileType = text.plist.xml; path = ToParkHoliday.plist; sourceTree = "<group>"; };
		CF47A5F8195F350E0066D9EE /* ToParkNormal.plist */ = {isa = PBXFileReference; fileEncoding = 4; lastKnownFileType = text.plist.xml; path = ToParkNormal.plist; sourceTree = "<group>"; };
		CF47A5F9195F350E0066D9EE /* ToParkSaturday.plist */ = {isa = PBXFileReference; fileEncoding = 4; lastKnownFileType = text.plist.xml; path = ToParkSaturday.plist; sourceTree = "<group>"; };
		CF47A5FA195F350E0066D9EE /* ToPengChauHoliday.plist */ = {isa = PBXFileReference; fileEncoding = 4; lastKnownFileType = text.plist.xml; path = ToPengChauHoliday.plist; sourceTree = "<group>"; };
		CF47A5FB195F350E0066D9EE /* ToPengChauNormal.plist */ = {isa = PBXFileReference; fileEncoding = 4; lastKnownFileType = text.plist.xml; path = ToPengChauNormal.plist; sourceTree = "<group>"; };
		CF47A5FC195F350E0066D9EE /* ToSKWHoliday.plist */ = {isa = PBXFileReference; fileEncoding = 4; lastKnownFileType = text.plist.xml; path = ToSKWHoliday.plist; sourceTree = "<group>"; };
		CF47A5FD195F350E0066D9EE /* ToSKWNormal.plist */ = {isa = PBXFileReference; fileEncoding = 4; lastKnownFileType = text.plist.xml; path = ToSKWNormal.plist; sourceTree = "<group>"; };
		CF47A5FE195F350E0066D9EE /* ToYSWHoliday.plist */ = {isa = PBXFileReference; fileEncoding = 4; lastKnownFileType = text.plist.xml; path = ToYSWHoliday.plist; sourceTree = "<group>"; };
		CF47A5FF195F350F0066D9EE /* ToYSWNormal.plist */ = {isa = PBXFileReference; fileEncoding = 4; lastKnownFileType = text.plist.xml; path = ToYSWNormal.plist; sourceTree = "<group>"; };
		CF47A643195F4CBB0066D9EE /* PierSelectTableViewController.swift */ = {isa = PBXFileReference; fileEncoding = 4; lastKnownFileType = sourcecode.swift; path = PierSelectTableViewController.swift; sourceTree = "<group>"; };
		CF4E27CE19C0ADDF00E18B40 /* Crashlytics.framework */ = {isa = PBXFileReference; lastKnownFileType = wrapper.framework; path = Crashlytics.framework; sourceTree = "<group>"; };
		CF6515B2196062DD005626C0 /* Island.swift */ = {isa = PBXFileReference; fileEncoding = 4; lastKnownFileType = sourcecode.swift; path = Island.swift; sourceTree = "<group>"; };
		CF73661C1965C60B009A6CC8 /* DateHoliday.swift */ = {isa = PBXFileReference; fileEncoding = 4; lastKnownFileType = sourcecode.swift; path = DateHoliday.swift; sourceTree = "<group>"; };
		CF7FDFA61973D0C000948061 /* CoreLocation.framework */ = {isa = PBXFileReference; lastKnownFileType = wrapper.framework; name = CoreLocation.framework; path = System/Library/Frameworks/CoreLocation.framework; sourceTree = SDKROOT; };
		CF7FDFA81973D27300948061 /* MapViewController.swift */ = {isa = PBXFileReference; fileEncoding = 4; lastKnownFileType = sourcecode.swift; path = MapViewController.swift; sourceTree = "<group>"; };
		CFAEB8F7196AEBCE007DB58B /* FerryViewController.swift */ = {isa = PBXFileReference; fileEncoding = 4; lastKnownFileType = sourcecode.swift; path = FerryViewController.swift; sourceTree = "<group>"; };
		CFB016AE196B0790007D0068 /* MapKit.framework */ = {isa = PBXFileReference; lastKnownFileType = wrapper.framework; name = MapKit.framework; path = System/Library/Frameworks/MapKit.framework; sourceTree = SDKROOT; };
		CFB6E09E195D439E00F83035 /* ferriestimetable2.app */ = {isa = PBXFileReference; explicitFileType = wrapper.application; includeInIndex = 0; path = ferriestimetable2.app; sourceTree = BUILT_PRODUCTS_DIR; };
		CFB6E0A2195D439E00F83035 /* Info.plist */ = {isa = PBXFileReference; lastKnownFileType = text.plist.xml; path = Info.plist; sourceTree = "<group>"; };
		CFB6E0A3195D439E00F83035 /* AppDelegate.swift */ = {isa = PBXFileReference; lastKnownFileType = sourcecode.swift; path = AppDelegate.swift; sourceTree = "<group>"; };
		CFB6E0A5195D439E00F83035 /* MasterViewController.swift */ = {isa = PBXFileReference; lastKnownFileType = sourcecode.swift; path = MasterViewController.swift; sourceTree = "<group>"; };
		CFB6E0A7195D439E00F83035 /* DetailViewController.swift */ = {isa = PBXFileReference; lastKnownFileType = sourcecode.swift; path = DetailViewController.swift; sourceTree = "<group>"; };
		CFB6E0AA195D439E00F83035 /* Base */ = {isa = PBXFileReference; lastKnownFileType = file.storyboard; name = Base; path = Base.lproj/Main.storyboard; sourceTree = "<group>"; };
		CFB6E0AC195D439E00F83035 /* Images.xcassets */ = {isa = PBXFileReference; lastKnownFileType = folder.assetcatalog; path = Images.xcassets; sourceTree = "<group>"; };
		CFB6E0B2195D439E00F83035 /* ferriestimetable2Tests.xctest */ = {isa = PBXFileReference; explicitFileType = wrapper.cfbundle; includeInIndex = 0; path = ferriestimetable2Tests.xctest; sourceTree = BUILT_PRODUCTS_DIR; };
		CFB6E0B7195D439E00F83035 /* Info.plist */ = {isa = PBXFileReference; lastKnownFileType = text.plist.xml; path = Info.plist; sourceTree = "<group>"; };
		CFB6E0B8195D439E00F83035 /* ferrytimetable2Tests.swift */ = {isa = PBXFileReference; lastKnownFileType = sourcecode.swift; path = ferrytimetable2Tests.swift; sourceTree = "<group>"; };
		CFC0E0A8196AB8E300B4CB4A /* ferriestimetable2-Bridging-Header.h */ = {isa = PBXFileReference; fileEncoding = 4; lastKnownFileType = sourcecode.c.h; path = "ferriestimetable2-Bridging-Header.h"; sourceTree = "<group>"; };
		CFC0E0AA196ABE4500B4CB4A /* CustomCalendarViewController.swift */ = {isa = PBXFileReference; fileEncoding = 4; lastKnownFileType = sourcecode.swift; path = CustomCalendarViewController.swift; sourceTree = "<group>"; };
		CFCCAF88197B0F6F00515CBA /* ja */ = {isa = PBXFileReference; lastKnownFileType = text.plist.strings; name = ja; path = ja.lproj/Main.strings; sourceTree = "<group>"; };
		CFCCAF8C197B618400515CBA /* ja */ = {isa = PBXFileReference; lastKnownFileType = text.plist.strings; name = ja; path = ja.lproj/InfoPlist.strings; sourceTree = "<group>"; };
		CFCCAF91197B618400515CBA /* ja */ = {isa = PBXFileReference; lastKnownFileType = text.plist.strings; name = ja; path = ja.lproj/InfoPlist.strings; sourceTree = "<group>"; };
		CFCCAF96197B618400515CBA /* ja */ = {isa = PBXFileReference; lastKnownFileType = text.plist.strings; name = ja; path = ja.lproj/Localizable.strings; sourceTree = "<group>"; };
		CFCCAF98197B6DB500515CBA /* en */ = {isa = PBXFileReference; lastKnownFileType = text.plist.strings; name = en; path = en.lproj/Localizable.strings; sourceTree = "<group>"; };
		CFCCAF99197B713A00515CBA /* en */ = {isa = PBXFileReference; lastKnownFileType = text.plist.strings; name = en; path = en.lproj/InfoPlist.strings; sourceTree = "<group>"; };
		CFCCAF9A197B717800515CBA /* zh-Hant */ = {isa = PBXFileReference; lastKnownFileType = text.plist.strings; name = "zh-Hant"; path = "zh-Hant.lproj/Main.strings"; sourceTree = "<group>"; };
		CFCCAF9B197B717900515CBA /* zh-Hant */ = {isa = PBXFileReference; lastKnownFileType = text.plist.strings; name = "zh-Hant"; path = "zh-Hant.lproj/Localizable.strings"; sourceTree = "<group>"; };
		CFCCAF9C197B717900515CBA /* zh-Hant */ = {isa = PBXFileReference; lastKnownFileType = text.plist.strings; name = "zh-Hant"; path = "zh-Hant.lproj/InfoPlist.strings"; sourceTree = "<group>"; };
		CFCCAF9D197B762300515CBA /* zh-Hant */ = {isa = PBXFileReference; lastKnownFileType = text.plist.strings; name = "zh-Hant"; path = "zh-Hant.lproj/InfoPlist.strings"; sourceTree = "<group>"; };
		CFD0CA02197161AB006A224B /* NewNotificationViewController.swift */ = {isa = PBXFileReference; fileEncoding = 4; lastKnownFileType = sourcecode.swift; path = NewNotificationViewController.swift; sourceTree = "<group>"; };
		CFD0CA061971C7B7006A224B /* NotificationTableViewController.swift */ = {isa = PBXFileReference; fileEncoding = 4; lastKnownFileType = sourcecode.swift; path = NotificationTableViewController.swift; sourceTree = "<group>"; };
		CFDA3C72196434710079E924 /* Ferry.swift */ = {isa = PBXFileReference; fileEncoding = 4; lastKnownFileType = sourcecode.swift; path = Ferry.swift; sourceTree = "<group>"; };
		CFDA3C7519647BB40079E924 /* FerryTimeTableViewCell.swift */ = {isa = PBXFileReference; fileEncoding = 4; lastKnownFileType = sourcecode.swift; path = FerryTimeTableViewCell.swift; sourceTree = "<group>"; };
		CFF9BB061976CFE9004E087E /* Settings.bundle */ = {isa = PBXFileReference; lastKnownFileType = "wrapper.plug-in"; path = Settings.bundle; sourceTree = "<group>"; };
		CFF9BB081976D1E9004E087E /* AboutViewController.swift */ = {isa = PBXFileReference; fileEncoding = 4; lastKnownFileType = sourcecode.swift; path = AboutViewController.swift; sourceTree = "<group>"; };
		CFFB943F196E6C14004ED1F3 /* BRClockView.swift */ = {isa = PBXFileReference; fileEncoding = 4; lastKnownFileType = sourcecode.swift; path = BRClockView.swift; sourceTree = "<group>"; };
		CFFB9442196ED3C5004ED1F3 /* QuartzCore.framework */ = {isa = PBXFileReference; lastKnownFileType = wrapper.framework; name = QuartzCore.framework; path = System/Library/Frameworks/QuartzCore.framework; sourceTree = SDKROOT; };
/* End PBXFileReference section */

/* Begin PBXFrameworksBuildPhase section */
		CFB6E09B195D439E00F83035 /* Frameworks */ = {
			isa = PBXFrameworksBuildPhase;
			buildActionMask = 2147483647;
			files = (
				CF1115B21975134300F8CA3C /* MobileCoreServices.framework in Frameworks */,
				CFFB9443196ED3C5004ED1F3 /* QuartzCore.framework in Frameworks */,
				CFB016AF196B0790007D0068 /* MapKit.framework in Frameworks */,
				CF7FDFA71973D0C000948061 /* CoreLocation.framework in Frameworks */,
				CF4E27CF19C0ADDF00E18B40 /* Crashlytics.framework in Frameworks */,
				5BD133D8150C4452AAD94F8C /* libPods-ferriestimetable2.a in Frameworks */,
				2174EB4C478AE725ACD053B7 /* libPods.a in Frameworks */,
			);
			runOnlyForDeploymentPostprocessing = 0;
		};
		CFB6E0AF195D439E00F83035 /* Frameworks */ = {
			isa = PBXFrameworksBuildPhase;
			buildActionMask = 2147483647;
			files = (
			);
			runOnlyForDeploymentPostprocessing = 0;
		};
/* End PBXFrameworksBuildPhase section */

/* Begin PBXGroup section */
		7390A60C2E25A2165348CE06 /* Pods */ = {
			isa = PBXGroup;
			children = (
				CF41A66F1A0B30200094789B /* Pods-ferriestimetable2.debug.xcconfig */,
				CF41A6701A0B30200094789B /* Pods-ferriestimetable2.distrubtion.xcconfig */,
				CF41A6711A0B30200094789B /* Pods-ferriestimetable2.release.xcconfig */,
			);
			name = Pods;
			sourceTree = "<group>";
		};
		CF47A5C7195F34D40066D9EE /* Timetable */ = {
			isa = PBXGroup;
			children = (
				CF47A638195F35140066D9EE /* Piers */,
				CF47A639195F36DF0066D9EE /* Cheung Chau */,
				CF47A63A195F36EA0066D9EE /* Discovery Bay */,
				CF47A63B195F37320066D9EE /* Hung Hom */,
				CF47A63C195F37420066D9EE /* Kowloon City */,
				CF47A63D195F375C0066D9EE /* Mui Wo */,
				CF47A63E195F382D0066D9EE /* Sok Kwu Wan */,
				CF47A63F195F38930066D9EE /* Yung Shue Wan */,
				CF47A640195F38BB0066D9EE /* Park Island */,
				CF47A641195F38C80066D9EE /* Peng Chau */,
			);
			name = Timetable;
			sourceTree = "<group>";
		};
		CF47A638195F35140066D9EE /* Piers */ = {
			isa = PBXGroup;
			children = (
				CF47A5EA195F350E0066D9EE /* Piers.plist */,
				CF47A5C8195F350E0066D9EE /* Central.plist */,
				CF47A5E7195F350E0066D9EE /* NorthPoint.plist */,
			);
			name = Piers;
			sourceTree = "<group>";
		};
		CF47A639195F36DF0066D9EE /* Cheung Chau */ = {
			isa = PBXGroup;
			children = (
				CF47A5CA195F350E0066D9EE /* CheungChauInfo.plist */,
				CF47A5C9195F350E0066D9EE /* CheungChauFromHoliday.plist */,
				CF47A5CB195F350E0066D9EE /* CheungChauToHoliday.plist */,
				CF47A5CE195F350E0066D9EE /* FromCheungChauNormal.plist */,
				CF47A5EC195F350E0066D9EE /* ToCheungChauSaturday.plist */,
				CF47A5EB195F350E0066D9EE /* ToCheungChauNormal.plist */,
			);
			name = "Cheung Chau";
			sourceTree = "<group>";
		};
		CF47A63A195F36EA0066D9EE /* Discovery Bay */ = {
			isa = PBXGroup;
			children = (
				CF47A5CC195F350E0066D9EE /* DiscoveryBayInfo.plist */,
				CF47A5CF195F350E0066D9EE /* FromDiscoveryBayHoliday.plist */,
				CF47A5D0195F350E0066D9EE /* FromDiscoveryBayNormal.plist */,
				CF47A5D1195F350E0066D9EE /* FromDiscoveryBaySaturday.plist */,
				CF47A5ED195F350E0066D9EE /* ToDiscoveryBayHoliday.plist */,
				CF47A5EE195F350E0066D9EE /* ToDiscoveryBayNormal.plist */,
				CF47A5EF195F350E0066D9EE /* ToDiscoveryBaySaturday.plist */,
			);
			name = "Discovery Bay";
			sourceTree = "<group>";
		};
		CF47A63B195F37320066D9EE /* Hung Hom */ = {
			isa = PBXGroup;
			children = (
				CF47A5E2195F350E0066D9EE /* HungHomInfo.plist */,
				CF47A5D2195F350E0066D9EE /* FromHungHomHoliday.plist */,
				CF47A5D3195F350E0066D9EE /* FromHungHomNormal.plist */,
				CF47A5F0195F350E0066D9EE /* ToHungHomHoliday.plist */,
				CF47A5F1195F350E0066D9EE /* ToHungHomNormal.plist */,
			);
			name = "Hung Hom";
			sourceTree = "<group>";
		};
		CF47A63C195F37420066D9EE /* Kowloon City */ = {
			isa = PBXGroup;
			children = (
				CF47A5E3195F350E0066D9EE /* KowloonCityInfo.plist */,
				CF47A5D4195F350E0066D9EE /* FromKowloonCityHoliday.plist */,
				CF47A5D5195F350E0066D9EE /* FromKowloonCityNormal.plist */,
				CF47A5F2195F350E0066D9EE /* ToKowloonCityHoliday.plist */,
				CF47A5F3195F350E0066D9EE /* ToKowloonCityNormal.plist */,
			);
			name = "Kowloon City";
			sourceTree = "<group>";
		};
		CF47A63D195F375C0066D9EE /* Mui Wo */ = {
			isa = PBXGroup;
			children = (
				CF47A5E6195F350E0066D9EE /* MuiWoInfo.plist */,
				CF47A5D6195F350E0066D9EE /* FromMuiWoHoliday.plist */,
				CF47A5D7195F350E0066D9EE /* FromMuiWoNormal.plist */,
				CF47A5F4195F350E0066D9EE /* ToMuiWoHoliday.plist */,
				CF47A5F5195F350E0066D9EE /* ToMuiWoNormal.plist */,
				CF47A5F6195F350E0066D9EE /* ToMuiWoSaturday.plist */,
			);
			name = "Mui Wo";
			sourceTree = "<group>";
		};
		CF47A63E195F382D0066D9EE /* Sok Kwu Wan */ = {
			isa = PBXGroup;
			children = (
				CF47A5E4195F350E0066D9EE /* LammaSokKwuWanInfo.plist */,
				CF47A5DD195F350E0066D9EE /* FromSKWHoliday.plist */,
				CF47A5DE195F350E0066D9EE /* FromSKWNormal.plist */,
				CF47A5FC195F350E0066D9EE /* ToSKWHoliday.plist */,
				CF47A5FD195F350E0066D9EE /* ToSKWNormal.plist */,
			);
			name = "Sok Kwu Wan";
			sourceTree = "<group>";
		};
		CF47A63F195F38930066D9EE /* Yung Shue Wan */ = {
			isa = PBXGroup;
			children = (
				CF47A5E5195F350E0066D9EE /* LammaYungShueWanInfo.plist */,
				CF47A5DF195F350E0066D9EE /* FromYSWHoliday.plist */,
				CF47A5E0195F350E0066D9EE /* FromYSWNormal.plist */,
				CF47A5E1195F350E0066D9EE /* FromYSWNormalSaturday.plist */,
				CF47A5FE195F350E0066D9EE /* ToYSWHoliday.plist */,
				CF47A5FF195F350F0066D9EE /* ToYSWNormal.plist */,
			);
			name = "Yung Shue Wan";
			sourceTree = "<group>";
		};
		CF47A640195F38BB0066D9EE /* Park Island */ = {
			isa = PBXGroup;
			children = (
				CF47A5E8195F350E0066D9EE /* ParkIslandInfo.plist */,
				CF47A5D8195F350E0066D9EE /* FromParkHoliday.plist */,
				CF47A5D9195F350E0066D9EE /* FromParkNormal.plist */,
				CF47A5DA195F350E0066D9EE /* FromParkSaturday.plist */,
				CF47A5F7195F350E0066D9EE /* ToParkHoliday.plist */,
				CF47A5F8195F350E0066D9EE /* ToParkNormal.plist */,
				CF47A5F9195F350E0066D9EE /* ToParkSaturday.plist */,
			);
			name = "Park Island";
			sourceTree = "<group>";
		};
		CF47A641195F38C80066D9EE /* Peng Chau */ = {
			isa = PBXGroup;
			children = (
				CF47A5E9195F350E0066D9EE /* PengChauInfo.plist */,
				CF47A5DB195F350E0066D9EE /* FromPengChauHoliday.plist */,
				CF47A5DC195F350E0066D9EE /* FromPengChauNormal.plist */,
				CF47A5FA195F350E0066D9EE /* ToPengChauHoliday.plist */,
				CF47A5FB195F350E0066D9EE /* ToPengChauNormal.plist */,
			);
			name = "Peng Chau";
			sourceTree = "<group>";
		};
		CFB6E095195D439E00F83035 = {
			isa = PBXGroup;
			children = (
				CFB6E0A0195D439E00F83035 /* ferrytimetable2 */,
				CFB6E0B5195D439E00F83035 /* ferrytimetable2Tests */,
				CFB6E09F195D439E00F83035 /* Products */,
				EDDFDE51F070466C97896290 /* Frameworks */,
				7390A60C2E25A2165348CE06 /* Pods */,
			);
			sourceTree = "<group>";
		};
		CFB6E09F195D439E00F83035 /* Products */ = {
			isa = PBXGroup;
			children = (
				CFB6E09E195D439E00F83035 /* ferriestimetable2.app */,
				CFB6E0B2195D439E00F83035 /* ferriestimetable2Tests.xctest */,
			);
			name = Products;
			sourceTree = "<group>";
		};
		CFB6E0A0195D439E00F83035 /* ferrytimetable2 */ = {
			isa = PBXGroup;
			children = (
				CFB6E0A3195D439E00F83035 /* AppDelegate.swift */,
				CFB6E0A5195D439E00F83035 /* MasterViewController.swift */,
				CFB6E0A7195D439E00F83035 /* DetailViewController.swift */,
				CFB6E0A9195D439E00F83035 /* Main.storyboard */,
				CF47A643195F4CBB0066D9EE /* PierSelectTableViewController.swift */,
				CFDA3C7519647BB40079E924 /* FerryTimeTableViewCell.swift */,
				CFAEB8F7196AEBCE007DB58B /* FerryViewController.swift */,
				CFD0CA02197161AB006A224B /* NewNotificationViewController.swift */,
				CFD0CA061971C7B7006A224B /* NotificationTableViewController.swift */,
				CF7FDFA81973D27300948061 /* MapViewController.swift */,
				CFF9BB081976D1E9004E087E /* AboutViewController.swift */,
				CFD0C9FE1971612F006A224B /* Clock View */,
				CFDA3C7419647B8F0079E924 /* Model */,
				CF47A5C7195F34D40066D9EE /* Timetable */,
				CFC0E0A9196ABE1900B4CB4A /* Date Picker */,
				CFB6E0AC195D439E00F83035 /* Images.xcassets */,
				CFB6E0A1195D439E00F83035 /* Supporting Files */,
				CFC0E0A8196AB8E300B4CB4A /* ferriestimetable2-Bridging-Header.h */,
			);
			path = ferrytimetable2;
			sourceTree = "<group>";
		};
		CFB6E0A1195D439E00F83035 /* Supporting Files */ = {
			isa = PBXGroup;
			children = (
				CFCCAF97197B618400515CBA /* Localizable.strings */,
				CFCCAF8D197B618400515CBA /* InfoPlist.strings */,
				CFB6E0A2195D439E00F83035 /* Info.plist */,
				CFF9BB061976CFE9004E087E /* Settings.bundle */,
			);
			name = "Supporting Files";
			sourceTree = "<group>";
		};
		CFB6E0B5195D439E00F83035 /* ferrytimetable2Tests */ = {
			isa = PBXGroup;
			children = (
				CFB6E0B8195D439E00F83035 /* ferrytimetable2Tests.swift */,
				CFB6E0B6195D439E00F83035 /* Supporting Files */,
			);
			path = ferrytimetable2Tests;
			sourceTree = "<group>";
		};
		CFB6E0B6195D439E00F83035 /* Supporting Files */ = {
			isa = PBXGroup;
			children = (
				CFCCAF92197B618400515CBA /* InfoPlist.strings */,
				CFB6E0B7195D439E00F83035 /* Info.plist */,
			);
			name = "Supporting Files";
			sourceTree = "<group>";
		};
		CFC0E0A9196ABE1900B4CB4A /* Date Picker */ = {
			isa = PBXGroup;
			children = (
				CF73661C1965C60B009A6CC8 /* DateHoliday.swift */,
				CFC0E0AA196ABE4500B4CB4A /* CustomCalendarViewController.swift */,
			);
			name = "Date Picker";
			sourceTree = "<group>";
		};
		CFD0C9FE1971612F006A224B /* Clock View */ = {
			isa = PBXGroup;
			children = (
				CFFB943F196E6C14004ED1F3 /* BRClockView.swift */,
				CF153FFD196EEF40007599D3 /* BRClockLayer.h */,
				CF153FFE196EEF40007599D3 /* BRClockLayer.m */,
			);
			name = "Clock View";
			sourceTree = "<group>";
		};
		CFDA3C7419647B8F0079E924 /* Model */ = {
			isa = PBXGroup;
			children = (
				CF6515B2196062DD005626C0 /* Island.swift */,
				CFDA3C72196434710079E924 /* Ferry.swift */,
			);
			name = Model;
			sourceTree = "<group>";
		};
		EDDFDE51F070466C97896290 /* Frameworks */ = {
			isa = PBXGroup;
			children = (
				CF1115B11975134300F8CA3C /* MobileCoreServices.framework */,
				CF7FDFA61973D0C000948061 /* CoreLocation.framework */,
				CFFB9442196ED3C5004ED1F3 /* QuartzCore.framework */,
				CFB016AE196B0790007D0068 /* MapKit.framework */,
				442F5E54C47E48CF91D96F70 /* libPods-ferriestimetable2.a */,
				CF4E27CE19C0ADDF00E18B40 /* Crashlytics.framework */,
				A51CB659071444085A69B5C0 /* libPods.a */,
			);
			name = Frameworks;
			sourceTree = "<group>";
		};
/* End PBXGroup section */

/* Begin PBXNativeTarget section */
		CFB6E09D195D439E00F83035 /* ferriestimetable2 */ = {
			isa = PBXNativeTarget;
			buildConfigurationList = CFB6E0BC195D439E00F83035 /* Build configuration list for PBXNativeTarget "ferriestimetable2" */;
			buildPhases = (
				25BBACFA2CC94ED0ACC4A4D6 /* Check Pods Manifest.lock */,
				CFB6E09A195D439E00F83035 /* Sources */,
				CFB6E09B195D439E00F83035 /* Frameworks */,
				CFB6E09C195D439E00F83035 /* Resources */,
				FC11B82D09634D73A67A8553 /* Copy Pods Resources */,
				CF4E27CD19C0ADAC00E18B40 /* ShellScript */,
			);
			buildRules = (
			);
			dependencies = (
			);
			name = ferriestimetable2;
			productName = ferrytimetable2;
			productReference = CFB6E09E195D439E00F83035 /* ferriestimetable2.app */;
			productType = "com.apple.product-type.application";
		};
		CFB6E0B1195D439E00F83035 /* ferriestimetable2Tests */ = {
			isa = PBXNativeTarget;
			buildConfigurationList = CFB6E0BF195D439E00F83035 /* Build configuration list for PBXNativeTarget "ferriestimetable2Tests" */;
			buildPhases = (
				CFB6E0AE195D439E00F83035 /* Sources */,
				CFB6E0AF195D439E00F83035 /* Frameworks */,
				CFB6E0B0195D439E00F83035 /* Resources */,
			);
			buildRules = (
			);
			dependencies = (
				CFB6E0B4195D439E00F83035 /* PBXTargetDependency */,
			);
			name = ferriestimetable2Tests;
			productName = ferrytimetable2Tests;
			productReference = CFB6E0B2195D439E00F83035 /* ferriestimetable2Tests.xctest */;
			productType = "com.apple.product-type.bundle.unit-test";
		};
/* End PBXNativeTarget section */

/* Begin PBXProject section */
		CFB6E096195D439E00F83035 /* Project object */ = {
			isa = PBXProject;
			attributes = {
				LastUpgradeCheck = 0610;
				ORGANIZATIONNAME = b123400;
				TargetAttributes = {
					CFB6E09D195D439E00F83035 = {
						CreatedOnToolsVersion = 6.0;
						DevelopmentTeam = CC63FD9H8S;
						SystemCapabilities = {
							com.apple.Maps.iOS = {
								enabled = 1;
							};
						};
					};
					CFB6E0B1195D439E00F83035 = {
						CreatedOnToolsVersion = 6.0;
						TestTargetID = CFB6E09D195D439E00F83035;
					};
				};
			};
			buildConfigurationList = CFB6E099195D439E00F83035 /* Build configuration list for PBXProject "ferriestimetable2" */;
			compatibilityVersion = "Xcode 3.2";
			developmentRegion = English;
			hasScannedForEncodings = 0;
			knownRegions = (
				en,
				Base,
				"zh-Hant",
			);
			mainGroup = CFB6E095195D439E00F83035;
			productRefGroup = CFB6E09F195D439E00F83035 /* Products */;
			projectDirPath = "";
			projectRoot = "";
			targets = (
				CFB6E09D195D439E00F83035 /* ferriestimetable2 */,
				CFB6E0B1195D439E00F83035 /* ferriestimetable2Tests */,
			);
		};
/* End PBXProject section */

/* Begin PBXResourcesBuildPhase section */
		CFB6E09C195D439E00F83035 /* Resources */ = {
			isa = PBXResourcesBuildPhase;
			buildActionMask = 2147483647;
			files = (
				CF47A60B195F350F0066D9EE /* FromHungHomNormal.plist in Resources */,
				CF47A606195F350F0066D9EE /* FromCheungChauNormal.plist in Resources */,
				CF47A607195F350F0066D9EE /* FromDiscoveryBayHoliday.plist in Resources */,
				CF47A60C195F350F0066D9EE /* FromKowloonCityHoliday.plist in Resources */,
				CF47A60D195F350F0066D9EE /* FromKowloonCityNormal.plist in Resources */,
				CF47A616195F350F0066D9EE /* FromSKWNormal.plist in Resources */,
				CF47A627195F350F0066D9EE /* ToDiscoveryBaySaturday.plist in Resources */,
				CF47A61D195F350F0066D9EE /* LammaYungShueWanInfo.plist in Resources */,
				CF47A624195F350F0066D9EE /* ToCheungChauSaturday.plist in Resources */,
				CF47A619195F350F0066D9EE /* FromYSWNormalSaturday.plist in Resources */,
				CFCCAF8B197B618400515CBA /* InfoPlist.strings in Resources */,
				CF47A637195F350F0066D9EE /* ToYSWNormal.plist in Resources */,
				CF47A636195F350F0066D9EE /* ToYSWHoliday.plist in Resources */,
				CF47A611195F350F0066D9EE /* FromParkNormal.plist in Resources */,
				CF47A630195F350F0066D9EE /* ToParkNormal.plist in Resources */,
				CF47A635195F350F0066D9EE /* ToSKWNormal.plist in Resources */,
				CF41A6741A0B30200094789B /* Pods-ferriestimetable2.release.xcconfig in Resources */,
				CF47A617195F350F0066D9EE /* FromYSWHoliday.plist in Resources */,
				CF47A608195F350F0066D9EE /* FromDiscoveryBayNormal.plist in Resources */,
				CF47A615195F350F0066D9EE /* FromSKWHoliday.plist in Resources */,
				CF47A632195F350F0066D9EE /* ToPengChauHoliday.plist in Resources */,
				CF47A602195F350F0066D9EE /* CheungChauInfo.plist in Resources */,
				CF47A623195F350F0066D9EE /* ToCheungChauNormal.plist in Resources */,
				CF47A62F195F350F0066D9EE /* ToParkHoliday.plist in Resources */,
				CF47A614195F350F0066D9EE /* FromPengChauNormal.plist in Resources */,
				CF47A62B195F350F0066D9EE /* ToKowloonCityNormal.plist in Resources */,
				CFCCAF95197B618400515CBA /* Localizable.strings in Resources */,
				CF47A631195F350F0066D9EE /* ToParkSaturday.plist in Resources */,
				CF47A62E195F350F0066D9EE /* ToMuiWoSaturday.plist in Resources */,
				CF47A626195F350F0066D9EE /* ToDiscoveryBayNormal.plist in Resources */,
				CF47A62A195F350F0066D9EE /* ToKowloonCityHoliday.plist in Resources */,
				CF47A603195F350F0066D9EE /* CheungChauToHoliday.plist in Resources */,
				CF47A621195F350F0066D9EE /* PengChauInfo.plist in Resources */,
				CF47A618195F350F0066D9EE /* FromYSWNormal.plist in Resources */,
				CF41A6731A0B30200094789B /* Pods-ferriestimetable2.distrubtion.xcconfig in Resources */,
				CF47A60E195F350F0066D9EE /* FromMuiWoHoliday.plist in Resources */,
				CFB6E0AB195D439E00F83035 /* Main.storyboard in Resources */,
				CF47A634195F350F0066D9EE /* ToSKWHoliday.plist in Resources */,
				CFB6E0AD195D439E00F83035 /* Images.xcassets in Resources */,
				CF47A62D195F350F0066D9EE /* ToMuiWoNormal.plist in Resources */,
				CF47A604195F350F0066D9EE /* DiscoveryBayInfo.plist in Resources */,
				CF47A629195F350F0066D9EE /* ToHungHomNormal.plist in Resources */,
				CF47A61B195F350F0066D9EE /* KowloonCityInfo.plist in Resources */,
				CF47A61C195F350F0066D9EE /* LammaSokKwuWanInfo.plist in Resources */,
				CFF9BB071976CFE9004E087E /* Settings.bundle in Resources */,
				CF47A622195F350F0066D9EE /* Piers.plist in Resources */,
				CF47A610195F350F0066D9EE /* FromParkHoliday.plist in Resources */,
				CF47A61E195F350F0066D9EE /* MuiWoInfo.plist in Resources */,
				CF47A61F195F350F0066D9EE /* NorthPoint.plist in Resources */,
				CF47A633195F350F0066D9EE /* ToPengChauNormal.plist in Resources */,
				CF47A620195F350F0066D9EE /* ParkIslandInfo.plist in Resources */,
				CF47A609195F350F0066D9EE /* FromDiscoveryBaySaturday.plist in Resources */,
				CF41A6721A0B30200094789B /* Pods-ferriestimetable2.debug.xcconfig in Resources */,
				CF47A613195F350F0066D9EE /* FromPengChauHoliday.plist in Resources */,
				CF47A62C195F350F0066D9EE /* ToMuiWoHoliday.plist in Resources */,
				CF47A61A195F350F0066D9EE /* HungHomInfo.plist in Resources */,
				CF47A601195F350F0066D9EE /* CheungChauFromHoliday.plist in Resources */,
				CF47A612195F350F0066D9EE /* FromParkSaturday.plist in Resources */,
				CF47A60F195F350F0066D9EE /* FromMuiWoNormal.plist in Resources */,
				CF47A60A195F350F0066D9EE /* FromHungHomHoliday.plist in Resources */,
				CF47A625195F350F0066D9EE /* ToDiscoveryBayHoliday.plist in Resources */,
				CF47A600195F350F0066D9EE /* Central.plist in Resources */,
				CF47A628195F350F0066D9EE /* ToHungHomHoliday.plist in Resources */,
			);
			runOnlyForDeploymentPostprocessing = 0;
		};
		CFB6E0B0195D439E00F83035 /* Resources */ = {
			isa = PBXResourcesBuildPhase;
			buildActionMask = 2147483647;
			files = (
				CF41A64A1A0B28B50094789B /* ToKowloonCityHoliday.plist in Resources */,
				CF41A6671A0B28BC0094789B /* ToPengChauHoliday.plist in Resources */,
				CF41A6531A0B28B50094789B /* FromSKWHoliday.plist in Resources */,
				CF41A6441A0B28B50094789B /* FromHungHomNormal.plist in Resources */,
				CF41A6381A0B28B50094789B /* FromCheungChauNormal.plist in Resources */,
				CF41A6331A0B28B50094789B /* Central.plist in Resources */,
				CF41A6321A0B28B50094789B /* Piers.plist in Resources */,
				CF41A63E1A0B28B50094789B /* FromDiscoveryBaySaturday.plist in Resources */,
				CFCCAF90197B618400515CBA /* InfoPlist.strings in Resources */,
				CF41A6371A0B28B50094789B /* CheungChauToHoliday.plist in Resources */,
				CF41A6431A0B28B50094789B /* FromHungHomHoliday.plist in Resources */,
				CF41A6481A0B28B50094789B /* FromKowloonCityHoliday.plist in Resources */,
				CF41A6621A0B28B50094789B /* ToParkNormal.plist in Resources */,
				CF41A6411A0B28B50094789B /* ToDiscoveryBaySaturday.plist in Resources */,
				CF41A6581A0B28B50094789B /* FromYSWHoliday.plist in Resources */,
				CF41A64E1A0B28B50094789B /* FromMuiWoNormal.plist in Resources */,
				CF41A64F1A0B28B50094789B /* ToMuiWoHoliday.plist in Resources */,
				CF41A6401A0B28B50094789B /* ToDiscoveryBayNormal.plist in Resources */,
				CF41A6611A0B28B50094789B /* ToParkHoliday.plist in Resources */,
				CF41A63F1A0B28B50094789B /* ToDiscoveryBayHoliday.plist in Resources */,
				CF41A6391A0B28B50094789B /* ToCheungChauSaturday.plist in Resources */,
				CF41A6631A0B28B50094789B /* ToParkSaturday.plist in Resources */,
				CF41A63C1A0B28B50094789B /* FromDiscoveryBayHoliday.plist in Resources */,
				CF41A6501A0B28B50094789B /* ToMuiWoNormal.plist in Resources */,
				CF41A65B1A0B28B50094789B /* ToYSWHoliday.plist in Resources */,
				CF41A6471A0B28B50094789B /* KowloonCityInfo.plist in Resources */,
				CF41A6421A0B28B50094789B /* HungHomInfo.plist in Resources */,
				CF41A65D1A0B28B50094789B /* ParkIslandInfo.plist in Resources */,
				CF41A6491A0B28B50094789B /* FromKowloonCityNormal.plist in Resources */,
				CF41A65F1A0B28B50094789B /* FromParkNormal.plist in Resources */,
				CF41A65A1A0B28B50094789B /* FromYSWNormalSaturday.plist in Resources */,
				CF41A65E1A0B28B50094789B /* FromParkHoliday.plist in Resources */,
				CF41A6361A0B28B50094789B /* CheungChauFromHoliday.plist in Resources */,
				CF41A64D1A0B28B50094789B /* FromMuiWoHoliday.plist in Resources */,
				CF41A6561A0B28B50094789B /* ToSKWNormal.plist in Resources */,
				CF41A6341A0B28B50094789B /* NorthPoint.plist in Resources */,
				CF41A63B1A0B28B50094789B /* DiscoveryBayInfo.plist in Resources */,
				CF41A6521A0B28B50094789B /* LammaSokKwuWanInfo.plist in Resources */,
				CF41A6641A0B28B50094789B /* PengChauInfo.plist in Resources */,
				CF41A64B1A0B28B50094789B /* ToKowloonCityNormal.plist in Resources */,
				CF41A6511A0B28B50094789B /* ToMuiWoSaturday.plist in Resources */,
				CF41A6681A0B28BC0094789B /* ToPengChauNormal.plist in Resources */,
				CF41A6591A0B28B50094789B /* FromYSWNormal.plist in Resources */,
				CF41A6451A0B28B50094789B /* ToHungHomHoliday.plist in Resources */,
				CF41A6651A0B28BC0094789B /* FromPengChauHoliday.plist in Resources */,
				CF41A6601A0B28B50094789B /* FromParkSaturday.plist in Resources */,
				CF41A6661A0B28BC0094789B /* FromPengChauNormal.plist in Resources */,
				CF41A5F01A0B26690094789B /* Main.storyboard in Resources */,
				CF41A6461A0B28B50094789B /* ToHungHomNormal.plist in Resources */,
				CF41A65C1A0B28B50094789B /* ToYSWNormal.plist in Resources */,
				CF41A64C1A0B28B50094789B /* MuiWoInfo.plist in Resources */,
				CF41A63A1A0B28B50094789B /* ToCheungChauNormal.plist in Resources */,
				CF41A6541A0B28B50094789B /* FromSKWNormal.plist in Resources */,
				CF41A6351A0B28B50094789B /* CheungChauInfo.plist in Resources */,
				CF41A6551A0B28B50094789B /* ToSKWHoliday.plist in Resources */,
				CF41A6571A0B28B50094789B /* LammaYungShueWanInfo.plist in Resources */,
				CF41A63D1A0B28B50094789B /* FromDiscoveryBayNormal.plist in Resources */,
			);
			runOnlyForDeploymentPostprocessing = 0;
		};
/* End PBXResourcesBuildPhase section */

/* Begin PBXShellScriptBuildPhase section */
		25BBACFA2CC94ED0ACC4A4D6 /* Check Pods Manifest.lock */ = {
			isa = PBXShellScriptBuildPhase;
			buildActionMask = 2147483647;
			files = (
			);
			inputPaths = (
			);
			name = "Check Pods Manifest.lock";
			outputPaths = (
			);
			runOnlyForDeploymentPostprocessing = 0;
			shellPath = /bin/sh;
			shellScript = "diff \"${PODS_ROOT}/../Podfile.lock\" \"${PODS_ROOT}/Manifest.lock\" > /dev/null\nif [[ $? != 0 ]] ; then\n    cat << EOM\nerror: The sandbox is not in sync with the Podfile.lock. Run 'pod install' or update your CocoaPods installation.\nEOM\n    exit 1\nfi\n";
			showEnvVarsInLog = 0;
		};
		CF4E27CD19C0ADAC00E18B40 /* ShellScript */ = {
			isa = PBXShellScriptBuildPhase;
			buildActionMask = 2147483647;
			files = (
			);
			inputPaths = (
			);
			outputPaths = (
			);
			runOnlyForDeploymentPostprocessing = 0;
			shellPath = /bin/sh;
			shellScript = "./Crashlytics.framework/run be3de76eb1918a93b4d68a8e87b983750d738aed 14ee308c3c10a8baa8cccc093c1c4c9c00d34c8c4b0b69aa8e7aa5dd0dae61c0";
		};
		FC11B82D09634D73A67A8553 /* Copy Pods Resources */ = {
			isa = PBXShellScriptBuildPhase;
			buildActionMask = 2147483647;
			files = (
			);
			inputPaths = (
			);
			name = "Copy Pods Resources";
			outputPaths = (
			);
			runOnlyForDeploymentPostprocessing = 0;
			shellPath = /bin/sh;
			shellScript = "\"${SRCROOT}/Pods/Target Support Files/Pods-ferriestimetable2/Pods-ferriestimetable2-resources.sh\"\n";
			showEnvVarsInLog = 0;
		};
/* End PBXShellScriptBuildPhase section */

/* Begin PBXSourcesBuildPhase section */
		CFB6E09A195D439E00F83035 /* Sources */ = {
			isa = PBXSourcesBuildPhase;
			buildActionMask = 2147483647;
			files = (
				CF71F4F2199351FF00BF6274 /* MasterViewController.swift in Sources */,
				CF73661D1965C60B009A6CC8 /* DateHoliday.swift in Sources */,
				CFAEB8F8196AEBCE007DB58B /* FerryViewController.swift in Sources */,
				CFD0CA071971C7B7006A224B /* NotificationTableViewController.swift in Sources */,
				CFDA3C73196434710079E924 /* Ferry.swift in Sources */,
				CFB6E0A8195D439E00F83035 /* DetailViewController.swift in Sources */,
				CFD0CA03197161AB006A224B /* NewNotificationViewController.swift in Sources */,
				CF47A644195F4CBB0066D9EE /* PierSelectTableViewController.swift in Sources */,
				CF153FFF196EEF40007599D3 /* BRClockLayer.m in Sources */,
				CFFB9440196E6C14004ED1F3 /* BRClockView.swift in Sources */,
				CFC0E0AB196ABE4500B4CB4A /* CustomCalendarViewController.swift in Sources */,
				CF6515B3196062DD005626C0 /* Island.swift in Sources */,
				CFB6E0A4195D439E00F83035 /* AppDelegate.swift in Sources */,
				CF7FDFA91973D27300948061 /* MapViewController.swift in Sources */,
				CFF9BB091976D1E9004E087E /* AboutViewController.swift in Sources */,
				CFDA3C7619647BB40079E924 /* FerryTimeTableViewCell.swift in Sources */,
			);
			runOnlyForDeploymentPostprocessing = 0;
		};
		CFB6E0AE195D439E00F83035 /* Sources */ = {
			isa = PBXSourcesBuildPhase;
			buildActionMask = 2147483647;
			files = (
				CFE7563E1A0B22950064B199 /* DateHoliday.swift in Sources */,
				CFB6E0B9195D439E00F83035 /* ferrytimetable2Tests.swift in Sources */,
				CF41A5FE1A0B282F0094789B /* BRClockLayer.m in Sources */,
				CF41A5FD1A0B282C0094789B /* BRClockView.swift in Sources */,
				CFE7563D1A0B22750064B199 /* Ferry.swift in Sources */,
				CFE7563C1A0B22320064B199 /* Island.swift in Sources */,
				CF41A6691A0B28C20094789B /* CustomCalendarViewController.swift in Sources */,
			);
			runOnlyForDeploymentPostprocessing = 0;
		};
/* End PBXSourcesBuildPhase section */

/* Begin PBXTargetDependency section */
		CFB6E0B4195D439E00F83035 /* PBXTargetDependency */ = {
			isa = PBXTargetDependency;
			target = CFB6E09D195D439E00F83035 /* ferriestimetable2 */;
			targetProxy = CFB6E0B3195D439E00F83035 /* PBXContainerItemProxy */;
		};
/* End PBXTargetDependency section */

/* Begin PBXVariantGroup section */
		CFB6E0A9195D439E00F83035 /* Main.storyboard */ = {
			isa = PBXVariantGroup;
			children = (
				CFB6E0AA195D439E00F83035 /* Base */,
				CFCCAF88197B0F6F00515CBA /* ja */,
				CFCCAF9A197B717800515CBA /* zh-Hant */,
			);
			name = Main.storyboard;
			sourceTree = "<group>";
		};
		CFCCAF8D197B618400515CBA /* InfoPlist.strings */ = {
			isa = PBXVariantGroup;
			children = (
				CFCCAF8C197B618400515CBA /* ja */,
				CFCCAF99197B713A00515CBA /* en */,
				CFCCAF9C197B717900515CBA /* zh-Hant */,
			);
			name = InfoPlist.strings;
			sourceTree = "<group>";
		};
		CFCCAF92197B618400515CBA /* InfoPlist.strings */ = {
			isa = PBXVariantGroup;
			children = (
				CFCCAF91197B618400515CBA /* ja */,
				CFCCAF9D197B762300515CBA /* zh-Hant */,
			);
			name = InfoPlist.strings;
			sourceTree = "<group>";
		};
		CFCCAF97197B618400515CBA /* Localizable.strings */ = {
			isa = PBXVariantGroup;
			children = (
				CFCCAF96197B618400515CBA /* ja */,
				CFCCAF98197B6DB500515CBA /* en */,
				CFCCAF9B197B717900515CBA /* zh-Hant */,
			);
			name = Localizable.strings;
			sourceTree = "<group>";
		};
/* End PBXVariantGroup section */

/* Begin XCBuildConfiguration section */
		CFA658DA19C0BD8600583C54 /* Distrubtion */ = {
			isa = XCBuildConfiguration;
			buildSettings = {
				ALWAYS_SEARCH_USER_PATHS = NO;
				CLANG_CXX_LANGUAGE_STANDARD = "gnu++0x";
				CLANG_CXX_LIBRARY = "libc++";
				CLANG_ENABLE_MODULES = YES;
				CLANG_ENABLE_OBJC_ARC = YES;
				CLANG_WARN_BOOL_CONVERSION = YES;
				CLANG_WARN_CONSTANT_CONVERSION = YES;
				CLANG_WARN_DIRECT_OBJC_ISA_USAGE = YES_ERROR;
				CLANG_WARN_EMPTY_BODY = YES;
				CLANG_WARN_ENUM_CONVERSION = YES;
				CLANG_WARN_INT_CONVERSION = YES;
				CLANG_WARN_OBJC_ROOT_CLASS = YES_ERROR;
				CLANG_WARN_UNREACHABLE_CODE = YES;
				CLANG_WARN__DUPLICATE_METHOD_MATCH = YES;
				"CODE_SIGN_IDENTITY[sdk=iphoneos*]" = "iPhone Developer";
				COPY_PHASE_STRIP = YES;
				ENABLE_NS_ASSERTIONS = NO;
				ENABLE_STRICT_OBJC_MSGSEND = YES;
				GCC_C_LANGUAGE_STANDARD = gnu99;
				GCC_WARN_64_TO_32_BIT_CONVERSION = YES;
				GCC_WARN_ABOUT_RETURN_TYPE = YES_ERROR;
				GCC_WARN_UNDECLARED_SELECTOR = YES;
				GCC_WARN_UNINITIALIZED_AUTOS = YES_AGGRESSIVE;
				GCC_WARN_UNUSED_FUNCTION = YES;
				GCC_WARN_UNUSED_VARIABLE = YES;
				IPHONEOS_DEPLOYMENT_TARGET = 8.0;
				METAL_ENABLE_DEBUG_INFO = NO;
				SDKROOT = iphoneos;
				TARGETED_DEVICE_FAMILY = "1,2";
				VALIDATE_PRODUCT = YES;
			};
			name = Distrubtion;
		};
		CFA658DB19C0BD8600583C54 /* Distrubtion */ = {
			isa = XCBuildConfiguration;
			baseConfigurationReference = CF41A6701A0B30200094789B /* Pods-ferriestimetable2.distrubtion.xcconfig */;
			buildSettings = {
				ASSETCATALOG_COMPILER_APPICON_NAME = AppIcon;
				CODE_SIGN_IDENTITY = "iPhone Developer";
				"CODE_SIGN_IDENTITY[sdk=iphoneos*]" = "iPhone Developer";
				FRAMEWORK_SEARCH_PATHS = (
					"$(inherited)",
					"$(PROJECT_DIR)",
				);
				INFOPLIST_FILE = ferrytimetable2/Info.plist;
				LD_RUNPATH_SEARCH_PATHS = "$(inherited) @executable_path/Frameworks";
				OTHER_LDFLAGS = (
					"-ObjC",
					"-all_load",
					"$(inherited)",
				);
				PRODUCT_NAME = ferriestimetable2;
				PROVISIONING_PROFILE = "";
				SWIFT_OBJC_BRIDGING_HEADER = "ferrytimetable2/ferriestimetable2-Bridging-Header.h";
				VALID_ARCHS = "arm64 armv7 armv7s";
			};
			name = Distrubtion;
		};
		CFA658DC19C0BD8600583C54 /* Distrubtion */ = {
			isa = XCBuildConfiguration;
			buildSettings = {
				ALWAYS_SEARCH_USER_PATHS = YES;
				BUNDLE_LOADER = "$(BUILT_PRODUCTS_DIR)/ferrytimetable2.app/ferrytimetable2";
				FRAMEWORK_SEARCH_PATHS = (
					"$(SDKROOT)/Developer/Library/Frameworks",
					"$(inherited)",
					"$(PROJECT_DIR)",
				);
				HEADER_SEARCH_PATHS = (
					"$(inherited)",
					/Applications/Xcode.app/Contents/Developer/Toolchains/XcodeDefault.xctoolchain/usr/include,
					"\"${PODS_ROOT}/Headers/Public\"",
					"\"${PODS_ROOT}/Headers/Public/Mixpanel\"",
					"\"${PODS_ROOT}/Headers/Public/PDTSimpleCalendar\"",
				);
				INFOPLIST_FILE = ferrytimetable2Tests/Info.plist;
				LD_RUNPATH_SEARCH_PATHS = "$(inherited) @executable_path/Frameworks @loader_path/Frameworks";
				METAL_ENABLE_DEBUG_INFO = NO;
				PRODUCT_NAME = ferriestimetable2Tests;
				SWIFT_OBJC_BRIDGING_HEADER = "ferrytimetable2/ferriestimetable2-Bridging-Header.h";
				TEST_HOST = "$(BUNDLE_LOADER)";
			};
			name = Distrubtion;
		};
		CFB6E0BA195D439E00F83035 /* Debug */ = {
			isa = XCBuildConfiguration;
			baseConfigurationReference = CF41A66F1A0B30200094789B /* Pods-ferriestimetable2.debug.xcconfig */;
			buildSettings = {
				ALWAYS_SEARCH_USER_PATHS = NO;
				CLANG_CXX_LANGUAGE_STANDARD = "gnu++0x";
				CLANG_CXX_LIBRARY = "libc++";
				CLANG_ENABLE_MODULES = YES;
				CLANG_ENABLE_OBJC_ARC = YES;
				CLANG_WARN_BOOL_CONVERSION = YES;
				CLANG_WARN_CONSTANT_CONVERSION = YES;
				CLANG_WARN_DIRECT_OBJC_ISA_USAGE = YES_ERROR;
				CLANG_WARN_EMPTY_BODY = YES;
				CLANG_WARN_ENUM_CONVERSION = YES;
				CLANG_WARN_INT_CONVERSION = YES;
				CLANG_WARN_OBJC_ROOT_CLASS = YES_ERROR;
				CLANG_WARN_UNREACHABLE_CODE = YES;
				CLANG_WARN__DUPLICATE_METHOD_MATCH = YES;
				"CODE_SIGN_IDENTITY[sdk=iphoneos*]" = "iPhone Developer";
				COPY_PHASE_STRIP = NO;
				ENABLE_STRICT_OBJC_MSGSEND = YES;
				GCC_C_LANGUAGE_STANDARD = gnu99;
				GCC_DYNAMIC_NO_PIC = NO;
				GCC_OPTIMIZATION_LEVEL = 0;
				GCC_PREPROCESSOR_DEFINITIONS = (
					"DEBUG=1",
					"$(inherited)",
				);
				GCC_SYMBOLS_PRIVATE_EXTERN = NO;
				GCC_WARN_64_TO_32_BIT_CONVERSION = YES;
				GCC_WARN_ABOUT_RETURN_TYPE = YES_ERROR;
				GCC_WARN_UNDECLARED_SELECTOR = YES;
				GCC_WARN_UNINITIALIZED_AUTOS = YES_AGGRESSIVE;
				GCC_WARN_UNUSED_FUNCTION = YES;
				GCC_WARN_UNUSED_VARIABLE = YES;
				IPHONEOS_DEPLOYMENT_TARGET = 8.0;
				METAL_ENABLE_DEBUG_INFO = YES;
				ONLY_ACTIVE_ARCH = YES;
				SDKROOT = iphoneos;
				SWIFT_OPTIMIZATION_LEVEL = "-Onone";
				TARGETED_DEVICE_FAMILY = "1,2";
			};
			name = Debug;
		};
		CFB6E0BB195D439E00F83035 /* Release */ = {
			isa = XCBuildConfiguration;
			buildSettings = {
				ALWAYS_SEARCH_USER_PATHS = NO;
				CLANG_CXX_LANGUAGE_STANDARD = "gnu++0x";
				CLANG_CXX_LIBRARY = "libc++";
				CLANG_ENABLE_MODULES = YES;
				CLANG_ENABLE_OBJC_ARC = YES;
				CLANG_WARN_BOOL_CONVERSION = YES;
				CLANG_WARN_CONSTANT_CONVERSION = YES;
				CLANG_WARN_DIRECT_OBJC_ISA_USAGE = YES_ERROR;
				CLANG_WARN_EMPTY_BODY = YES;
				CLANG_WARN_ENUM_CONVERSION = YES;
				CLANG_WARN_INT_CONVERSION = YES;
				CLANG_WARN_OBJC_ROOT_CLASS = YES_ERROR;
				CLANG_WARN_UNREACHABLE_CODE = YES;
				CLANG_WARN__DUPLICATE_METHOD_MATCH = YES;
				CODE_SIGN_IDENTITY = "iPhone Distribution";
				"CODE_SIGN_IDENTITY[sdk=iphoneos*]" = "iPhone Distribution: KC Chan Co. (CC63FD9H8S)";
				COPY_PHASE_STRIP = YES;
				ENABLE_NS_ASSERTIONS = NO;
				ENABLE_STRICT_OBJC_MSGSEND = YES;
				GCC_C_LANGUAGE_STANDARD = gnu99;
				GCC_WARN_64_TO_32_BIT_CONVERSION = YES;
				GCC_WARN_ABOUT_RETURN_TYPE = YES_ERROR;
				GCC_WARN_UNDECLARED_SELECTOR = YES;
				GCC_WARN_UNINITIALIZED_AUTOS = YES_AGGRESSIVE;
				GCC_WARN_UNUSED_FUNCTION = YES;
				GCC_WARN_UNUSED_VARIABLE = YES;
				IPHONEOS_DEPLOYMENT_TARGET = 8.0;
				METAL_ENABLE_DEBUG_INFO = NO;
				SDKROOT = iphoneos;
				TARGETED_DEVICE_FAMILY = "1,2";
				VALIDATE_PRODUCT = YES;
			};
			name = Release;
		};
		CFB6E0BD195D439E00F83035 /* Debug */ = {
			isa = XCBuildConfiguration;
			buildSettings = {
				ASSETCATALOG_COMPILER_APPICON_NAME = AppIcon;
				CODE_SIGN_IDENTITY = "iPhone Developer";
				"CODE_SIGN_IDENTITY[sdk=iphoneos*]" = "iPhone Developer";
				FRAMEWORK_SEARCH_PATHS = (
					"$(inherited)",
					"$(PROJECT_DIR)",
				);
				INFOPLIST_FILE = ferrytimetable2/Info.plist;
				LD_RUNPATH_SEARCH_PATHS = "$(inherited) @executable_path/Frameworks";
				OTHER_LDFLAGS = (
					"-ObjC",
					"-all_load",
					"$(inherited)",
				);
				PRODUCT_NAME = ferriestimetable2;
				PROVISIONING_PROFILE = "";
				SWIFT_OBJC_BRIDGING_HEADER = "ferrytimetable2/ferriestimetable2-Bridging-Header.h";
				VALID_ARCHS = "arm64 armv7 armv7s";
			};
			name = Debug;
		};
		CFB6E0BE195D439E00F83035 /* Release */ = {
			isa = XCBuildConfiguration;
			baseConfigurationReference = CF41A6711A0B30200094789B /* Pods-ferriestimetable2.release.xcconfig */;
			buildSettings = {
				ASSETCATALOG_COMPILER_APPICON_NAME = AppIcon;
				CODE_SIGN_IDENTITY = "iPhone Developer";
				"CODE_SIGN_IDENTITY[sdk=iphoneos*]" = "iPhone Developer";
				FRAMEWORK_SEARCH_PATHS = (
					"$(inherited)",
					"$(PROJECT_DIR)",
				);
				INFOPLIST_FILE = ferrytimetable2/Info.plist;
				LD_RUNPATH_SEARCH_PATHS = "$(inherited) @executable_path/Frameworks";
				OTHER_LDFLAGS = (
					"-ObjC",
					"-all_load",
					"$(inherited)",
				);
				PRODUCT_NAME = ferriestimetable2;
				PROVISIONING_PROFILE = "";
				SWIFT_OBJC_BRIDGING_HEADER = "ferrytimetable2/ferriestimetable2-Bridging-Header.h";
				VALID_ARCHS = "arm64 armv7 armv7s";
			};
			name = Release;
		};
		CFB6E0C0195D439E00F83035 /* Debug */ = {
			isa = XCBuildConfiguration;
			buildSettings = {
				ALWAYS_SEARCH_USER_PATHS = YES;
				BUNDLE_LOADER = "$(BUILT_PRODUCTS_DIR)/ferrytimetable2.app/ferrytimetable2";
				FRAMEWORK_SEARCH_PATHS = (
					"$(SDKROOT)/Developer/Library/Frameworks",
					"$(inherited)",
					"$(PROJECT_DIR)",
				);
				GCC_PREPROCESSOR_DEFINITIONS = (
					"DEBUG=1",
					"$(inherited)",
				);
				HEADER_SEARCH_PATHS = (
					"$(inherited)",
					/Applications/Xcode.app/Contents/Developer/Toolchains/XcodeDefault.xctoolchain/usr/include,
					"\"${PODS_ROOT}/Headers/Public\"",
					"\"${PODS_ROOT}/Headers/Public/Mixpanel\"",
					"\"${PODS_ROOT}/Headers/Public/PDTSimpleCalendar\"",
				);
				INFOPLIST_FILE = ferrytimetable2Tests/Info.plist;
				LD_RUNPATH_SEARCH_PATHS = "$(inherited) @executable_path/Frameworks @loader_path/Frameworks";
				METAL_ENABLE_DEBUG_INFO = YES;
				PRODUCT_NAME = ferriestimetable2Tests;
				SWIFT_OBJC_BRIDGING_HEADER = "ferrytimetable2/ferriestimetable2-Bridging-Header.h";
				TEST_HOST = "$(BUNDLE_LOADER)";
			};
			name = Debug;
		};
		CFB6E0C1195D439E00F83035 /* Release */ = {
			isa = XCBuildConfiguration;
			buildSettings = {
				ALWAYS_SEARCH_USER_PATHS = YES;
				BUNDLE_LOADER = "$(BUILT_PRODUCTS_DIR)/ferrytimetable2.app/ferrytimetable2";
				FRAMEWORK_SEARCH_PATHS = (
					"$(SDKROOT)/Developer/Library/Frameworks",
					"$(inherited)",
					"$(PROJECT_DIR)",
				);
				HEADER_SEARCH_PATHS = (
					"$(inherited)",
					/Applications/Xcode.app/Contents/Developer/Toolchains/XcodeDefault.xctoolchain/usr/include,
					"\"${PODS_ROOT}/Headers/Public\"",
					"\"${PODS_ROOT}/Headers/Public/Mixpanel\"",
					"\"${PODS_ROOT}/Headers/Public/PDTSimpleCalendar\"",
				);
				INFOPLIST_FILE = ferrytimetable2Tests/Info.plist;
				LD_RUNPATH_SEARCH_PATHS = "$(inherited) @executable_path/Frameworks @loader_path/Frameworks";
				METAL_ENABLE_DEBUG_INFO = NO;
				PRODUCT_NAME = ferriestimetable2Tests;
				SWIFT_OBJC_BRIDGING_HEADER = "ferrytimetable2/ferriestimetable2-Bridging-Header.h";
				TEST_HOST = "$(BUNDLE_LOADER)";
			};
			name = Release;
		};
/* End XCBuildConfiguration section */

/* Begin XCConfigurationList section */
		CFB6E099195D439E00F83035 /* Build configuration list for PBXProject "ferriestimetable2" */ = {
			isa = XCConfigurationList;
			buildConfigurations = (
				CFB6E0BA195D439E00F83035 /* Debug */,
				CFB6E0BB195D439E00F83035 /* Release */,
				CFA658DA19C0BD8600583C54 /* Distrubtion */,
			);
			defaultConfigurationIsVisible = 0;
			defaultConfigurationName = Release;
		};
		CFB6E0BC195D439E00F83035 /* Build configuration list for PBXNativeTarget "ferriestimetable2" */ = {
			isa = XCConfigurationList;
			buildConfigurations = (
				CFB6E0BD195D439E00F83035 /* Debug */,
				CFB6E0BE195D439E00F83035 /* Release */,
				CFA658DB19C0BD8600583C54 /* Distrubtion */,
			);
			defaultConfigurationIsVisible = 0;
			defaultConfigurationName = Release;
		};
		CFB6E0BF195D439E00F83035 /* Build configuration list for PBXNativeTarget "ferriestimetable2Tests" */ = {
			isa = XCConfigurationList;
			buildConfigurations = (
				CFB6E0C0195D439E00F83035 /* Debug */,
				CFB6E0C1195D439E00F83035 /* Release */,
				CFA658DC19C0BD8600583C54 /* Distrubtion */,
			);
			defaultConfigurationIsVisible = 0;
			defaultConfigurationName = Release;
		};
/* End XCConfigurationList section */
	};
	rootObject = CFB6E096195D439E00F83035 /* Project object */;
}
